// !$*UTF8*$!
{
	archiveVersion = 1;
	classes = {
	};
	objectVersion = 63;
	objects = {

/* Begin PBXBuildFile section */
		000A7ABBCA4988EA1D84C8DF /* ZonePixelMetricsTests.swift in Sources */ = {isa = PBXBuildFile; fileRef = 10E9D2C918AF5DBA84FD7C32 /* ZonePixelMetricsTests.swift */; };
		01034520349DC78B30DF051F /* DividerController.swift in Sources */ = {isa = PBXBuildFile; fileRef = 79E3A9E10D7D51318797C876 /* DividerController.swift */; };
		01D69CB05B1413BE070C4A29 /* CoordinateConverterTests.swift in Sources */ = {isa = PBXBuildFile; fileRef = 0D43622DF069EE3B1A1AD00C /* CoordinateConverterTests.swift */; };
		0638DC242F73C0E7E1B82F58 /* WindowOrganizeTests.swift in Sources */ = {isa = PBXBuildFile; fileRef = 059A835DCA68F2F6E0020B0F /* WindowOrganizeTests.swift */; };
		077726CC23EA8ED725C192FF /* AppRuntime.swift in Sources */ = {isa = PBXBuildFile; fileRef = 047C177F8FC4FB4717F8DB9A /* AppRuntime.swift */; };
		0AE7E89A6887FED40C2DD84A /* CoordinateConverter.swift in Sources */ = {isa = PBXBuildFile; fileRef = 8EC410EE59F835DE6A809848 /* CoordinateConverter.swift */; };
		0BE1560BB10D4319D04E012A /* GridCoverageTests.swift in Sources */ = {isa = PBXBuildFile; fileRef = AF21D7874A246CBEA1AEE0C6 /* GridCoverageTests.swift */; };
		0C3391DF982C1C73B1B0B4B4 /* WelcomePages.swift in Sources */ = {isa = PBXBuildFile; fileRef = 1F65F8ED2839E1D47B857AB1 /* WelcomePages.swift */; };
		0E0D5809DA42F2206D2F95AF /* CanvasContextMenu.swift in Sources */ = {isa = PBXBuildFile; fileRef = 8D17E2D7EF1A72728C7AE16A /* CanvasContextMenu.swift */; };
		0FE94C325E5B5EA959CB1188 /* CanvasSnappingTests.swift in Sources */ = {isa = PBXBuildFile; fileRef = 69685BECC3CD1AA25F48583D /* CanvasSnappingTests.swift */; };
		16A9CFD82CAD960109B04F29 /* LayoutStore.swift in Sources */ = {isa = PBXBuildFile; fileRef = 4AEA7BDAE63EA3E83E0BD9E4 /* LayoutStore.swift */; };
		17E6ADFF3CAEAF14CEE7E1FC /* GridEditing.swift in Sources */ = {isa = PBXBuildFile; fileRef = F3029ADED93C5B74F5139101 /* GridEditing.swift */; };
		1A11731135257869F65F5E6A /* SnapTarget.swift in Sources */ = {isa = PBXBuildFile; fileRef = B7DDBF2473DFAA28DC469CB9 /* SnapTarget.swift */; };
		1E8F613C9745B11E71208D83 /* GridResolver.swift in Sources */ = {isa = PBXBuildFile; fileRef = 3EB874161D6F9CA3F4DC63D1 /* GridResolver.swift */; };
		1F1E9823161C0734D1DFB389 /* PinMirrorSession.swift in Sources */ = {isa = PBXBuildFile; fileRef = 5A5EEA472CBDD9E37A44321A /* PinMirrorSession.swift */; };
		1FEED08B78CA303B00219320 /* SettingsWindowController.swift in Sources */ = {isa = PBXBuildFile; fileRef = 494E5D36812C20CEC56C578D /* SettingsWindowController.swift */; };
		20720D2F728CA9DF1F78256A /* SettingsStore.swift in Sources */ = {isa = PBXBuildFile; fileRef = D6BF84ADFCB22ABA296D8C83 /* SettingsStore.swift */; };
		2208A28D2B4B038DE4ED81B7 /* AccessibilityGuideWindowController.swift in Sources */ = {isa = PBXBuildFile; fileRef = 27AD31A40B79C629169D4388 /* AccessibilityGuideWindowController.swift */; };
		229D696FBD31A1FF4ACB96D9 /* PinCenter.swift in Sources */ = {isa = PBXBuildFile; fileRef = 48EDE7E34255F34CB5EE8A16 /* PinCenter.swift */; };
		2393021694C7E68CCE12916D /* L10nTests.swift in Sources */ = {isa = PBXBuildFile; fileRef = F8EA118D2D34A6EEC039DF15 /* L10nTests.swift */; };
		24D04804A43B87F22D593CE7 /* LayoutStripGeometry.swift in Sources */ = {isa = PBXBuildFile; fileRef = B05872BF00DA80B297166F65 /* LayoutStripGeometry.swift */; };
		27BF1033F4022038BB6FEBF0 /* LayoutTemplates.swift in Sources */ = {isa = PBXBuildFile; fileRef = 5DB7C3E5ED2E53EC9FE3091A /* LayoutTemplates.swift */; };
		28687E3CEC10DB234E13D809 /* OverlapPolicy.swift in Sources */ = {isa = PBXBuildFile; fileRef = 8FABADF86A10A5CE9C0A81EC /* OverlapPolicy.swift */; };
		296F259F88E45597E8CC3595 /* PinButtonPanel.swift in Sources */ = {isa = PBXBuildFile; fileRef = AD7D23302AA5B84B8A0413E1 /* PinButtonPanel.swift */; };
		2999B0F0BC8D0A957817B331 /* ProfileCaptureTests.swift in Sources */ = {isa = PBXBuildFile; fileRef = 0D5EBB47EA4E377C72E84BDE /* ProfileCaptureTests.swift */; };
		2BF1C0D0DA809F6E43EE996A /* EditorPanel.swift in Sources */ = {isa = PBXBuildFile; fileRef = 2824DA9ADC4D86AD6F324EF1 /* EditorPanel.swift */; };
		2D0E4DE4E2DB7CA72006E027 /* WindowCatalogState.swift in Sources */ = {isa = PBXBuildFile; fileRef = F33400B4EA55E91DE0709E7E /* WindowCatalogState.swift */; };
		2D248204FFC46EF8BB63DADF /* DividerOverlayView.swift in Sources */ = {isa = PBXBuildFile; fileRef = 8C31B755547546BEB821F785 /* DividerOverlayView.swift */; };
		30BBD31606521AA8D9527935 /* libZoneBoxCore.a in Frameworks */ = {isa = PBXBuildFile; fileRef = 8977D5A42FCDB9665527E332 /* libZoneBoxCore.a */; };
		31C3FDF786216F6231203B26 /* DividerPlanTests.swift in Sources */ = {isa = PBXBuildFile; fileRef = 67A26B472B8AD57437CC0AC7 /* DividerPlanTests.swift */; };
		3221C9A4F5E9F507E3622277 /* CanvasEditorCommands.swift in Sources */ = {isa = PBXBuildFile; fileRef = 0B7344A0AA5258CE72F2F37A /* CanvasEditorCommands.swift */; };
		3404124FE47711426FE97D17 /* PinBadgeSlotTests.swift in Sources */ = {isa = PBXBuildFile; fileRef = CDA194CF90613C4665568EB3 /* PinBadgeSlotTests.swift */; };
		3720A56A822E92C0F694A322 /* PinMirrorPanel.swift in Sources */ = {isa = PBXBuildFile; fileRef = 7CD56E29284C47A1F36B1DA9 /* PinMirrorPanel.swift */; };
		3761FFE0F6F96EA078AAF2C8 /* ZoneScrollZoomTests.swift in Sources */ = {isa = PBXBuildFile; fileRef = B4546B3FE9E7369528AC055E /* ZoneScrollZoomTests.swift */; };
		376D2AF3FCFB5029B912A046 /* QuickSnapper.swift in Sources */ = {isa = PBXBuildFile; fileRef = 8D39E9BE7A08C15E0BA42702 /* QuickSnapper.swift */; };
		37831386B77A4CE396496CF0 /* LayoutStoreTests.swift in Sources */ = {isa = PBXBuildFile; fileRef = 3366E6F29C43FFBC33F71800 /* LayoutStoreTests.swift */; };
		3800061B9853FA767026E3A7 /* Layout.swift in Sources */ = {isa = PBXBuildFile; fileRef = D41D9B63F5FC12E5EF6EC7D3 /* Layout.swift */; };
		3BD5E7D6FEFA6AEFCBC42FF9 /* PinPlannerTests.swift in Sources */ = {isa = PBXBuildFile; fileRef = 3F9962C23C66C523F135A92A /* PinPlannerTests.swift */; };
		40EF2A76030C4DFCA3331285 /* ScaffoldTests.swift in Sources */ = {isa = PBXBuildFile; fileRef = A4ED48EADD1D174472389480 /* ScaffoldTests.swift */; };
		427B4801CC62A81E05E5FA4A /* LayoutEditTransactionTests.swift in Sources */ = {isa = PBXBuildFile; fileRef = 22C1B716187BE54A3ED0E847 /* LayoutEditTransactionTests.swift */; };
		4314A6CA7011C119E05455E6 /* DividerPlan.swift in Sources */ = {isa = PBXBuildFile; fileRef = 8E1179F5E0E9E644378B45AB /* DividerPlan.swift */; };
		4340CD9A1CCE724BAEBCCE86 /* LanguageCenter.swift in Sources */ = {isa = PBXBuildFile; fileRef = 30B1996FFFC9C296E9C8DE88 /* LanguageCenter.swift */; };
		457858D9720581855722618D /* CanvasEditingTests.swift in Sources */ = {isa = PBXBuildFile; fileRef = 9A1EA11777D94206C972FF4E /* CanvasEditingTests.swift */; };
		47CC6C61A00A821A4DD38484 /* SnapSessionReducerTests.swift in Sources */ = {isa = PBXBuildFile; fileRef = 474991DA98F88EFDB0CA3003 /* SnapSessionReducerTests.swift */; };
		49F9AC68D4CAAFBF0E18ADFB /* SnapMouseEvent.swift in Sources */ = {isa = PBXBuildFile; fileRef = E43833CC52E0DA1E5CA238EC /* SnapMouseEvent.swift */; };
		49F9E503E8F1FFCFCCEB454A /* HotkeyCenter.swift in Sources */ = {isa = PBXBuildFile; fileRef = D3927D8EF1D49129A80DC0BD /* HotkeyCenter.swift */; };
		4AB77606F6D8AC3F650AC143 /* ZonePixelMetrics.swift in Sources */ = {isa = PBXBuildFile; fileRef = 6347EA9F47DCC7BE5E1E7CE1 /* ZonePixelMetrics.swift */; };
		4C8F02506923A238F526AF4F /* ShakeDetector.swift in Sources */ = {isa = PBXBuildFile; fileRef = E0474A0519CB9B47C9DD6059 /* ShakeDetector.swift */; };
		4CC68B6A2EF49FB06FE2D6E1 /* WindowOrganize.swift in Sources */ = {isa = PBXBuildFile; fileRef = ABB8270A23BADECB0D3F0EAC /* WindowOrganize.swift */; };
		4D93D2F8796C3F1CCA8E926B /* ShortcutCatalogTests.swift in Sources */ = {isa = PBXBuildFile; fileRef = C44D6AE4213818490ABAEA7A /* ShortcutCatalogTests.swift */; };
		4DC8E3DCE4158DBCB5228FB9 /* LayoutThumbnailRenderer.swift in Sources */ = {isa = PBXBuildFile; fileRef = 930771AEC81146EE7355D0CB /* LayoutThumbnailRenderer.swift */; };
		4DF9DEE8F45CD881FF3EEE13 /* AXWindowMutator.swift in Sources */ = {isa = PBXBuildFile; fileRef = F4EC839136A1A03A0DE355F4 /* AXWindowMutator.swift */; };
		4ED1E338A3E8D16F68230736 /* SnapSession.swift in Sources */ = {isa = PBXBuildFile; fileRef = 446A73B628D4176872A8FC46 /* SnapSession.swift */; };
		51F10BF1A00BFD058A23EF33 /* WorkspaceApplyFeedbackTests.swift in Sources */ = {isa = PBXBuildFile; fileRef = 1D6AB5C2E2A6651D73D15795 /* WorkspaceApplyFeedbackTests.swift */; };
		58EA885B537AFB39EB3EFBE4 /* WorkspaceProfile.swift in Sources */ = {isa = PBXBuildFile; fileRef = 144ADB53FA2BCC60F421D673 /* WorkspaceProfile.swift */; };
		59B75BB5E2F1AA1DE686C5CC /* AccessibilityGuideModel.swift in Sources */ = {isa = PBXBuildFile; fileRef = 10C9CEE6F75DDADAE929A5D5 /* AccessibilityGuideModel.swift */; };
		5A056B3E4BE8CDC833747511 /* DisplayWatcher.swift in Sources */ = {isa = PBXBuildFile; fileRef = A62BDEBD923D79EAFEBD9559 /* DisplayWatcher.swift */; };
		5AB0E7DE3723D77DE633F84C /* OverlayPanel.swift in Sources */ = {isa = PBXBuildFile; fileRef = DDF8CEA8006FEC64E189A8FE /* OverlayPanel.swift */; };
		5AEEADDF5E7BB3E40152E752 /* AppSettings.swift in Sources */ = {isa = PBXBuildFile; fileRef = 9118B8805E80F4D1DA3FC84D /* AppSettings.swift */; };
		5BA7B1CBFBEAC008BF64959E /* CanvasAlignmentTests.swift in Sources */ = {isa = PBXBuildFile; fileRef = 452F14BC1880DC6613F81535 /* CanvasAlignmentTests.swift */; };
		602C8EF6260E18480529C10D /* UISession.swift in Sources */ = {isa = PBXBuildFile; fileRef = AF32320082E685F5BED369E0 /* UISession.swift */; };
		63C3B0B612099E5215AF0F25 /* libZoneBoxCore.a in Frameworks */ = {isa = PBXBuildFile; fileRef = 8977D5A42FCDB9665527E332 /* libZoneBoxCore.a */; };
		68AAC6FA693112B8729E97B3 /* WindowMoveChromeTests.swift in Sources */ = {isa = PBXBuildFile; fileRef = 769C9142748FF40EEB61E94A /* WindowMoveChromeTests.swift */; };
		69873FAEFD80DF72DFD92844 /* RuntimeHost.swift in Sources */ = {isa = PBXBuildFile; fileRef = 886157B8AFFD508BC0337B29 /* RuntimeHost.swift */; };
		737615E270F4C3235085D72A /* MenuBarConsoleController.swift in Sources */ = {isa = PBXBuildFile; fileRef = 6F820639A948E5AFCF2087E7 /* MenuBarConsoleController.swift */; };
		74E895C621737F62BEFDCDFA /* ZoneSplitTests.swift in Sources */ = {isa = PBXBuildFile; fileRef = A246689C54BA85D2FE9BAA5E /* ZoneSplitTests.swift */; };
		76DE2B669838946FAD679A93 /* TrustMonitor.swift in Sources */ = {isa = PBXBuildFile; fileRef = FAA8DD396BB015BFEE717CE2 /* TrustMonitor.swift */; };
		775201FBBC324013DDD98061 /* FakeScreen.swift in Sources */ = {isa = PBXBuildFile; fileRef = 2EEDC1DEA27EB9A97078FEA7 /* FakeScreen.swift */; };
		7A708AE04D498549C19D9002 /* RuntimeMode.swift in Sources */ = {isa = PBXBuildFile; fileRef = 5999B19A23506C1F5BFFF1C0 /* RuntimeMode.swift */; };
		7BC21BF4AF4EE4442B79AADC /* DisplayIdentity.swift in Sources */ = {isa = PBXBuildFile; fileRef = 0469E20CD7E9925F2A12E02A /* DisplayIdentity.swift */; };
		7D146F5B0C3E6D474F17D1DA /* GutterTests.swift in Sources */ = {isa = PBXBuildFile; fileRef = 0BE004EFD8BDD601307B109C /* GutterTests.swift */; };
		7D7514184280D7E26ED3385E /* CGWindowQuery.swift in Sources */ = {isa = PBXBuildFile; fileRef = 4EC86D4F33A13C702790BA31 /* CGWindowQuery.swift */; };
		7F23DFA154585AA604CE2EC0 /* ShortcutBinding.swift in Sources */ = {isa = PBXBuildFile; fileRef = 9ACCDB3D7C46B37845495D75 /* ShortcutBinding.swift */; };
		7F883E7B97E6010C2A8C49F7 /* SettingsStoreTests.swift in Sources */ = {isa = PBXBuildFile; fileRef = B7FE0911F56CC8CD3AA4FDBA /* SettingsStoreTests.swift */; };
		85366C30D9CEE8A0A84B91BE /* OverlayPresentationTests.swift in Sources */ = {isa = PBXBuildFile; fileRef = 1B5341B1D36801076F2E2DC2 /* OverlayPresentationTests.swift */; };
		87808C55FDDC7CB7F87CE4A1 /* GridEditingTests.swift in Sources */ = {isa = PBXBuildFile; fileRef = 16BFD082426FB82B2D4B9EE8 /* GridEditingTests.swift */; };
		88F4AD1A9EB63C9A7D4AC7CB /* WelcomeFirstSnapPage.swift in Sources */ = {isa = PBXBuildFile; fileRef = 11806D1300DEB7092C78653D /* WelcomeFirstSnapPage.swift */; };
		89DE65C466B12BA30754A933 /* ShortcutCatalog.swift in Sources */ = {isa = PBXBuildFile; fileRef = 8620CAF22D1FEB8ADC381F6C /* ShortcutCatalog.swift */; };
		8D15681958148829E26676CC /* ShakeDetectorTests.swift in Sources */ = {isa = PBXBuildFile; fileRef = 4D1B6A0F3A39EBBFF8DF2C68 /* ShakeDetectorTests.swift */; };
		910DE576C2672D6EFF044DB0 /* WindowQuerying.swift in Sources */ = {isa = PBXBuildFile; fileRef = 45C50B2CD005428221B93EF9 /* WindowQuerying.swift */; };
		926A03B73E1FC3E05A63D7D6 /* WindowMutationQueue.swift in Sources */ = {isa = PBXBuildFile; fileRef = 55B5E2EBC68F19E19C31300C /* WindowMutationQueue.swift */; };
		937719E3DC4091CBC3595D4A /* LayoutEditorController.swift in Sources */ = {isa = PBXBuildFile; fileRef = 1B90398FBF036AB33C48FF4F /* LayoutEditorController.swift */; };
		97B317731ECAC7D2582CC02F /* JSONCoding.swift in Sources */ = {isa = PBXBuildFile; fileRef = FBC77B4A79C6FFC279808F81 /* JSONCoding.swift */; };
		9944D35A0904128CF7D248AE /* SimulatorDeviceBooter.swift in Sources */ = {isa = PBXBuildFile; fileRef = F408824B492A827856239801 /* SimulatorDeviceBooter.swift */; };
		995766F02B819432FF9C392F /* ZoneScrollZoom.swift in Sources */ = {isa = PBXBuildFile; fileRef = E8B1C541ACF2E6802EC67C06 /* ZoneScrollZoom.swift */; };
		A240F4BF13C5454FC76CFE6E /* LayoutEditorCanvasView.swift in Sources */ = {isa = PBXBuildFile; fileRef = 6DAA1C2D5E46EE4CAA6AAAEB /* LayoutEditorCanvasView.swift */; };
		A589991E85D71B9A081AB3D9 /* DividerPanel.swift in Sources */ = {isa = PBXBuildFile; fileRef = EE04A96E07C2D24DDCD0089D /* DividerPanel.swift */; };
		A86D44434E408A8320723282 /* Assets.xcassets in Resources */ = {isa = PBXBuildFile; fileRef = CCA8D9284C4CC58F8088BDF2 /* Assets.xcassets */; };
		A91F5DFAA57416B532A923DB /* PinHoverMonitor.swift in Sources */ = {isa = PBXBuildFile; fileRef = 942FE52E6C0BB6AEA399DDE8 /* PinHoverMonitor.swift */; };
		A9332F048CB3166CC0317EF1 /* AccessibilityGuideView.swift in Sources */ = {isa = PBXBuildFile; fileRef = 9B493DBA30157E6F82963E4C /* AccessibilityGuideView.swift */; };
		AB132842525793E4FA9EA7A6 /* Gutter.swift in Sources */ = {isa = PBXBuildFile; fileRef = CD0B8B1AA2CD7208340838FC /* Gutter.swift */; };
		AC9C34790F1F5E1622F2C420 /* MagneticResize.swift in Sources */ = {isa = PBXBuildFile; fileRef = 85AF3584B40B1DE9E539564D /* MagneticResize.swift */; };
		AF1FE4684152A3F4D2577577 /* RectMath.swift in Sources */ = {isa = PBXBuildFile; fileRef = B16192ECC49D6E451A8936A8 /* RectMath.swift */; };
		AF2153D3CBFCC39CF5305265 /* Zone.swift in Sources */ = {isa = PBXBuildFile; fileRef = DD96966B883ED6C884EED18A /* Zone.swift */; };
		B3374C9C09DC7BF9507BCAB6 /* SimulatorDevicePlan.swift in Sources */ = {isa = PBXBuildFile; fileRef = 98258836C8292CAADBCE6D71 /* SimulatorDevicePlan.swift */; };
		B3B9020249D943938E392F45 /* LayoutStripGeometryTests.swift in Sources */ = {isa = PBXBuildFile; fileRef = A2F3783F6B2A2618E6285C4C /* LayoutStripGeometryTests.swift */; };
		B410017A83B40CB56846E426 /* WelcomeAccessibilityPage.swift in Sources */ = {isa = PBXBuildFile; fileRef = CA830A028E016744AF61F8E0 /* WelcomeAccessibilityPage.swift */; };
		B4EBE0BC6911797C2923FF5E /* CanvasEditing.swift in Sources */ = {isa = PBXBuildFile; fileRef = 8BBA04EB532BBE6D88A88DD7 /* CanvasEditing.swift */; };
		B542A64ABF0628F113C1F543 /* RuntimeOwnershipTests.swift in Sources */ = {isa = PBXBuildFile; fileRef = 248E41C9C174D760225C33EC /* RuntimeOwnershipTests.swift */; };
		B694A66A3ED1B31554995933 /* MenuBarController.swift in Sources */ = {isa = PBXBuildFile; fileRef = 643D257C1C1C278B39EA9176 /* MenuBarController.swift */; };
		B6FA120D8CE69966EAE6796C /* ScreenRecordingAccess.swift in Sources */ = {isa = PBXBuildFile; fileRef = 625BA92949DBCF1FF27043A7 /* ScreenRecordingAccess.swift */; };
		B7AAB59523BEBCBC389A65EA /* ShortcutPanelController.swift in Sources */ = {isa = PBXBuildFile; fileRef = 5A0756C0918952DA1AA0B2E0 /* ShortcutPanelController.swift */; };
		B8095779ECB9EA022C432D91 /* ProfileCapture.swift in Sources */ = {isa = PBXBuildFile; fileRef = CE4856322EAAD6CC5D0EFEB0 /* ProfileCapture.swift */; };
		BA64C227E2A8884F6F5B59D9 /* NormalizedRect.swift in Sources */ = {isa = PBXBuildFile; fileRef = 977E18A00CB22B850795CDAA /* NormalizedRect.swift */; };
		BD2D0A8C43FC68AB98404BCF /* ZoneSplit.swift in Sources */ = {isa = PBXBuildFile; fileRef = A727A3139F1922D21AA08BFD /* ZoneSplit.swift */; };
		BE82C809AF70C005B7553B5E /* SimulatorDevicePlanTests.swift in Sources */ = {isa = PBXBuildFile; fileRef = E23BBE12D82D5FDE06EAE3CD /* SimulatorDevicePlanTests.swift */; };
		C08A4BF5CC67A7CEAC675D06 /* AppDelegate.swift in Sources */ = {isa = PBXBuildFile; fileRef = C9D5122A337EC77F24071CC7 /* AppDelegate.swift */; };
		C161D00E490572EA176CC384 /* AppIdentity.swift in Sources */ = {isa = PBXBuildFile; fileRef = E62292FD18B81A5F1168FDFD /* AppIdentity.swift */; };
		C3DD325D613F7341CAEB29F6 /* CanvasSnapping.swift in Sources */ = {isa = PBXBuildFile; fileRef = 76D46356DE7D3AE004DC760C /* CanvasSnapping.swift */; };
		C4468985A7D42FCA94C8EF75 /* WindowMoveChrome.swift in Sources */ = {isa = PBXBuildFile; fileRef = CB9A450E32D36B40B42E92A6 /* WindowMoveChrome.swift */; };
		C550FF9EF49EFD2544D10AC6 /* FakeWindowList.swift in Sources */ = {isa = PBXBuildFile; fileRef = D79030DF06A834B58F163BAB /* FakeWindowList.swift */; };
		C5C75A6F7AAB652A75CF4527 /* HitTester.swift in Sources */ = {isa = PBXBuildFile; fileRef = 2450A6958359F65AFC611957 /* HitTester.swift */; };
		C6347820CB7380152FEE57FA /* QuickSnapperTests.swift in Sources */ = {isa = PBXBuildFile; fileRef = A04638ED5862F7E46C3E052F /* QuickSnapperTests.swift */; };
		C6BDDB6052E2A9E8B27F2AED /* OverlayPresentation.swift in Sources */ = {isa = PBXBuildFile; fileRef = 40A75ACF816E0C5D9D75FC2C /* OverlayPresentation.swift */; };
		C7A614B558880E522A4EFAFE /* OverlayController.swift in Sources */ = {isa = PBXBuildFile; fileRef = FB08C54E77DFC28D032D8B18 /* OverlayController.swift */; };
		C899F20BDF17746B2D796B85 /* WelcomeLayoutsPage.swift in Sources */ = {isa = PBXBuildFile; fileRef = 5702987390AB9AF2E196E91D /* WelcomeLayoutsPage.swift */; };
		C8ADDEE70F80068B2A48A36A /* LayoutKind.swift in Sources */ = {isa = PBXBuildFile; fileRef = 9C17F30BC95D5A464046FA95 /* LayoutKind.swift */; };
		C8BCD13896E368024E2C54DC /* PinBadgeSlot.swift in Sources */ = {isa = PBXBuildFile; fileRef = 96FAF9BE34BF0E1D8F4C89D7 /* PinBadgeSlot.swift */; };
		C8F6AD9DAF96B5E2676EBD87 /* SnapSessionReducer.swift in Sources */ = {isa = PBXBuildFile; fileRef = A54CCDC2D0CA3E96560FD02A /* SnapSessionReducer.swift */; };
		D27BEA60DA74AE4B9AAAAC36 /* WelcomeWindowController.swift in Sources */ = {isa = PBXBuildFile; fileRef = F9F9C9D7CBA82580E665F190 /* WelcomeWindowController.swift */; };
		D2DA54D774C0E29D0AF17E1F /* ProfilePlan.swift in Sources */ = {isa = PBXBuildFile; fileRef = 8571DA8824420BA1C6BFFE12 /* ProfilePlan.swift */; };
		D2ED28B9C23EA8B15004CC3A /* LoginItemController.swift in Sources */ = {isa = PBXBuildFile; fileRef = 0C7EE874D969EBBD27A6BCE0 /* LoginItemController.swift */; };
		D5FF897F5A4AF3F055B13384 /* WorkspaceCenter.swift in Sources */ = {isa = PBXBuildFile; fileRef = F855477293635D7EFA9475DC /* WorkspaceCenter.swift */; };
		D713F6C41B6F168F1E33B1CC /* WindowIdentity.swift in Sources */ = {isa = PBXBuildFile; fileRef = 9A2957655E620023F8101FFC /* WindowIdentity.swift */; };
		D80B6CC48920A72AD77C0EC0 /* CanvasAlignment.swift in Sources */ = {isa = PBXBuildFile; fileRef = 54E0A8843B4FABCBECECEF3F /* CanvasAlignment.swift */; };
		D9DDE56F5482BCC85E5CFB97 /* WindowMutationEngine.swift in Sources */ = {isa = PBXBuildFile; fileRef = 4A64DFC267AA9417E9578541 /* WindowMutationEngine.swift */; };
		DD40D5A255A8C1BFE6F98CC5 /* Onboarding.swift in Sources */ = {isa = PBXBuildFile; fileRef = 510788A551FE2A5D799BDF9E /* Onboarding.swift */; };
		E21124C69785B729BCA9A54C /* PinPlan.swift in Sources */ = {isa = PBXBuildFile; fileRef = EDC74C1E359F8A0851AB0402 /* PinPlan.swift */; };
		E48786CD7BB2321DFE94BC20 /* OrganizeFeedbackController.swift in Sources */ = {isa = PBXBuildFile; fileRef = F154AB3125FD0D1DD614A6D0 /* OrganizeFeedbackController.swift */; };
		E583D858D4C31324E6FE3F24 /* ZoneOverlayView.swift in Sources */ = {isa = PBXBuildFile; fileRef = F3F75A472A42567EAE77B68E /* ZoneOverlayView.swift */; };
		E5E2A53CE24498120FC23E38 /* OnboardingPolicyTests.swift in Sources */ = {isa = PBXBuildFile; fileRef = EFE9DAF44F4088162A49E2E8 /* OnboardingPolicyTests.swift */; };
		E78BF40426FF7526FEA2C369 /* MagneticResizeTests.swift in Sources */ = {isa = PBXBuildFile; fileRef = 417A2EC9036C59A559CA8C33 /* MagneticResizeTests.swift */; };
		E8405C23906B84C40461F26F /* WorkArea.swift in Sources */ = {isa = PBXBuildFile; fileRef = 7EFE483F6CBDB37363637CAD /* WorkArea.swift */; };
		E9BB1FDB1FFFFC4498CC1EBB /* DragMonitor.swift in Sources */ = {isa = PBXBuildFile; fileRef = 2F5BA9F83277388522DBAEB0 /* DragMonitor.swift */; };
		EB1E692B8040A09B1E6AC177 /* InfoPlist.strings in Resources */ = {isa = PBXBuildFile; fileRef = 7AF68442D13371CED4200096 /* InfoPlist.strings */; };
		F0BE4D8C71D41A1780C7827C /* SnapEngine.swift in Sources */ = {isa = PBXBuildFile; fileRef = F17C5CBE01B46CDD558A5216 /* SnapEngine.swift */; };
		F183E2D932109FB15D2E8C90 /* LayoutEditTransaction.swift in Sources */ = {isa = PBXBuildFile; fileRef = E78E6557B43D6F62E6480FE2 /* LayoutEditTransaction.swift */; };
		F24DC93C5DC59AB01261F9F4 /* ProfilePlanTests.swift in Sources */ = {isa = PBXBuildFile; fileRef = 6E72011FF0EB3D1B4EDBA1BC /* ProfilePlanTests.swift */; };
		F345C6B4257E63522FB8EABD /* OnboardingFlowReducerTests.swift in Sources */ = {isa = PBXBuildFile; fileRef = 3F380C1D6503D16736E1828A /* OnboardingFlowReducerTests.swift */; };
		F7BE3CF8E73A2EA289E5860D /* GridCoverage.swift in Sources */ = {isa = PBXBuildFile; fileRef = B9EAE7A248496492835F307F /* GridCoverage.swift */; };
		F7E6A2499A2E05798EE18CA0 /* L10n.swift in Sources */ = {isa = PBXBuildFile; fileRef = BA9D165C2B155D2E12A803AB /* L10n.swift */; };
		F8498FAC48EBA72D235B1E86 /* Logging.swift in Sources */ = {isa = PBXBuildFile; fileRef = 4236C43CC31EA103E8850694 /* Logging.swift */; };
		F9380732C4C78F9D2CAE183C /* AccessibilityClient.swift in Sources */ = {isa = PBXBuildFile; fileRef = 5D061B41E08AE18D0642BBC7 /* AccessibilityClient.swift */; };
		FE8BF3FEE40CA0DE650A2D86 /* WindowCatalogStateTests.swift in Sources */ = {isa = PBXBuildFile; fileRef = 169745AABF7306DB7316EF01 /* WindowCatalogStateTests.swift */; };
		FFB58EB33E86634605604872 /* WindowCatalog.swift in Sources */ = {isa = PBXBuildFile; fileRef = 3B823906D07ABC74F8C8DB95 /* WindowCatalog.swift */; };
/* End PBXBuildFile section */

/* Begin PBXContainerItemProxy section */
		B5D550E210CFF517FFDAE091 /* PBXContainerItemProxy */ = {
			isa = PBXContainerItemProxy;
			containerPortal = 7D16EDF598CEDE32340C9B86 /* Project object */;
			proxyType = 1;
			remoteGlobalIDString = 34957F99C581AFADBFF2869F;
			remoteInfo = ZoneBoxCore;
		};
		EA5EB5758BCD0D1E824CE90D /* PBXContainerItemProxy */ = {
			isa = PBXContainerItemProxy;
			containerPortal = 7D16EDF598CEDE32340C9B86 /* Project object */;
			proxyType = 1;
			remoteGlobalIDString = 34957F99C581AFADBFF2869F;
			remoteInfo = ZoneBoxCore;
		};
/* End PBXContainerItemProxy section */

/* Begin PBXFileReference section */
		0469E20CD7E9925F2A12E02A /* DisplayIdentity.swift */ = {isa = PBXFileReference; lastKnownFileType = sourcecode.swift; path = DisplayIdentity.swift; sourceTree = "<group>"; };
		047C177F8FC4FB4717F8DB9A /* AppRuntime.swift */ = {isa = PBXFileReference; lastKnownFileType = sourcecode.swift; path = AppRuntime.swift; sourceTree = "<group>"; };
		059A835DCA68F2F6E0020B0F /* WindowOrganizeTests.swift */ = {isa = PBXFileReference; lastKnownFileType = sourcecode.swift; path = WindowOrganizeTests.swift; sourceTree = "<group>"; };
		0B7344A0AA5258CE72F2F37A /* CanvasEditorCommands.swift */ = {isa = PBXFileReference; lastKnownFileType = sourcecode.swift; path = CanvasEditorCommands.swift; sourceTree = "<group>"; };
		0BE004EFD8BDD601307B109C /* GutterTests.swift */ = {isa = PBXFileReference; lastKnownFileType = sourcecode.swift; path = GutterTests.swift; sourceTree = "<group>"; };
		0C7EE874D969EBBD27A6BCE0 /* LoginItemController.swift */ = {isa = PBXFileReference; lastKnownFileType = sourcecode.swift; path = LoginItemController.swift; sourceTree = "<group>"; };
		0D43622DF069EE3B1A1AD00C /* CoordinateConverterTests.swift */ = {isa = PBXFileReference; lastKnownFileType = sourcecode.swift; path = CoordinateConverterTests.swift; sourceTree = "<group>"; };
		0D5EBB47EA4E377C72E84BDE /* ProfileCaptureTests.swift */ = {isa = PBXFileReference; lastKnownFileType = sourcecode.swift; path = ProfileCaptureTests.swift; sourceTree = "<group>"; };
		10C9CEE6F75DDADAE929A5D5 /* AccessibilityGuideModel.swift */ = {isa = PBXFileReference; lastKnownFileType = sourcecode.swift; path = AccessibilityGuideModel.swift; sourceTree = "<group>"; };
		10E9D2C918AF5DBA84FD7C32 /* ZonePixelMetricsTests.swift */ = {isa = PBXFileReference; lastKnownFileType = sourcecode.swift; path = ZonePixelMetricsTests.swift; sourceTree = "<group>"; };
		11806D1300DEB7092C78653D /* WelcomeFirstSnapPage.swift */ = {isa = PBXFileReference; lastKnownFileType = sourcecode.swift; path = WelcomeFirstSnapPage.swift; sourceTree = "<group>"; };
		144ADB53FA2BCC60F421D673 /* WorkspaceProfile.swift */ = {isa = PBXFileReference; lastKnownFileType = sourcecode.swift; path = WorkspaceProfile.swift; sourceTree = "<group>"; };
		169745AABF7306DB7316EF01 /* WindowCatalogStateTests.swift */ = {isa = PBXFileReference; lastKnownFileType = sourcecode.swift; path = WindowCatalogStateTests.swift; sourceTree = "<group>"; };
		16BFD082426FB82B2D4B9EE8 /* GridEditingTests.swift */ = {isa = PBXFileReference; lastKnownFileType = sourcecode.swift; path = GridEditingTests.swift; sourceTree = "<group>"; };
		1B5341B1D36801076F2E2DC2 /* OverlayPresentationTests.swift */ = {isa = PBXFileReference; lastKnownFileType = sourcecode.swift; path = OverlayPresentationTests.swift; sourceTree = "<group>"; };
		1B90398FBF036AB33C48FF4F /* LayoutEditorController.swift */ = {isa = PBXFileReference; lastKnownFileType = sourcecode.swift; path = LayoutEditorController.swift; sourceTree = "<group>"; };
		1D6AB5C2E2A6651D73D15795 /* WorkspaceApplyFeedbackTests.swift */ = {isa = PBXFileReference; lastKnownFileType = sourcecode.swift; path = WorkspaceApplyFeedbackTests.swift; sourceTree = "<group>"; };
		1F65F8ED2839E1D47B857AB1 /* WelcomePages.swift */ = {isa = PBXFileReference; lastKnownFileType = sourcecode.swift; path = WelcomePages.swift; sourceTree = "<group>"; };
		22C1B716187BE54A3ED0E847 /* LayoutEditTransactionTests.swift */ = {isa = PBXFileReference; lastKnownFileType = sourcecode.swift; path = LayoutEditTransactionTests.swift; sourceTree = "<group>"; };
		2450A6958359F65AFC611957 /* HitTester.swift */ = {isa = PBXFileReference; lastKnownFileType = sourcecode.swift; path = HitTester.swift; sourceTree = "<group>"; };
		248E41C9C174D760225C33EC /* RuntimeOwnershipTests.swift */ = {isa = PBXFileReference; lastKnownFileType = sourcecode.swift; path = RuntimeOwnershipTests.swift; sourceTree = "<group>"; };
		27AD31A40B79C629169D4388 /* AccessibilityGuideWindowController.swift */ = {isa = PBXFileReference; lastKnownFileType = sourcecode.swift; path = AccessibilityGuideWindowController.swift; sourceTree = "<group>"; };
		2824DA9ADC4D86AD6F324EF1 /* EditorPanel.swift */ = {isa = PBXFileReference; lastKnownFileType = sourcecode.swift; path = EditorPanel.swift; sourceTree = "<group>"; };
		2EEDC1DEA27EB9A97078FEA7 /* FakeScreen.swift */ = {isa = PBXFileReference; lastKnownFileType = sourcecode.swift; path = FakeScreen.swift; sourceTree = "<group>"; };
		2F5BA9F83277388522DBAEB0 /* DragMonitor.swift */ = {isa = PBXFileReference; lastKnownFileType = sourcecode.swift; path = DragMonitor.swift; sourceTree = "<group>"; };
		30B1996FFFC9C296E9C8DE88 /* LanguageCenter.swift */ = {isa = PBXFileReference; lastKnownFileType = sourcecode.swift; path = LanguageCenter.swift; sourceTree = "<group>"; };
		3366E6F29C43FFBC33F71800 /* LayoutStoreTests.swift */ = {isa = PBXFileReference; lastKnownFileType = sourcecode.swift; path = LayoutStoreTests.swift; sourceTree = "<group>"; };
		36B569B511A2E3DEC2BB1121 /* ZoneBoxTests.xctest */ = {isa = PBXFileReference; explicitFileType = wrapper.cfbundle; includeInIndex = 0; path = ZoneBoxTests.xctest; sourceTree = BUILT_PRODUCTS_DIR; };
		3B823906D07ABC74F8C8DB95 /* WindowCatalog.swift */ = {isa = PBXFileReference; lastKnownFileType = sourcecode.swift; path = WindowCatalog.swift; sourceTree = "<group>"; };
		3EB874161D6F9CA3F4DC63D1 /* GridResolver.swift */ = {isa = PBXFileReference; lastKnownFileType = sourcecode.swift; path = GridResolver.swift; sourceTree = "<group>"; };
		3F380C1D6503D16736E1828A /* OnboardingFlowReducerTests.swift */ = {isa = PBXFileReference; lastKnownFileType = sourcecode.swift; path = OnboardingFlowReducerTests.swift; sourceTree = "<group>"; };
		3F9962C23C66C523F135A92A /* PinPlannerTests.swift */ = {isa = PBXFileReference; lastKnownFileType = sourcecode.swift; path = PinPlannerTests.swift; sourceTree = "<group>"; };
		40A75ACF816E0C5D9D75FC2C /* OverlayPresentation.swift */ = {isa = PBXFileReference; lastKnownFileType = sourcecode.swift; path = OverlayPresentation.swift; sourceTree = "<group>"; };
		417A2EC9036C59A559CA8C33 /* MagneticResizeTests.swift */ = {isa = PBXFileReference; lastKnownFileType = sourcecode.swift; path = MagneticResizeTests.swift; sourceTree = "<group>"; };
		4236C43CC31EA103E8850694 /* Logging.swift */ = {isa = PBXFileReference; lastKnownFileType = sourcecode.swift; path = Logging.swift; sourceTree = "<group>"; };
		446A73B628D4176872A8FC46 /* SnapSession.swift */ = {isa = PBXFileReference; lastKnownFileType = sourcecode.swift; path = SnapSession.swift; sourceTree = "<group>"; };
		452F14BC1880DC6613F81535 /* CanvasAlignmentTests.swift */ = {isa = PBXFileReference; lastKnownFileType = sourcecode.swift; path = CanvasAlignmentTests.swift; sourceTree = "<group>"; };
		45C50B2CD005428221B93EF9 /* WindowQuerying.swift */ = {isa = PBXFileReference; lastKnownFileType = sourcecode.swift; path = WindowQuerying.swift; sourceTree = "<group>"; };
		474991DA98F88EFDB0CA3003 /* SnapSessionReducerTests.swift */ = {isa = PBXFileReference; lastKnownFileType = sourcecode.swift; path = SnapSessionReducerTests.swift; sourceTree = "<group>"; };
		48EDE7E34255F34CB5EE8A16 /* PinCenter.swift */ = {isa = PBXFileReference; lastKnownFileType = sourcecode.swift; path = PinCenter.swift; sourceTree = "<group>"; };
		494E5D36812C20CEC56C578D /* SettingsWindowController.swift */ = {isa = PBXFileReference; lastKnownFileType = sourcecode.swift; path = SettingsWindowController.swift; sourceTree = "<group>"; };
		4A64DFC267AA9417E9578541 /* WindowMutationEngine.swift */ = {isa = PBXFileReference; lastKnownFileType = sourcecode.swift; path = WindowMutationEngine.swift; sourceTree = "<group>"; };
		4AEA7BDAE63EA3E83E0BD9E4 /* LayoutStore.swift */ = {isa = PBXFileReference; lastKnownFileType = sourcecode.swift; path = LayoutStore.swift; sourceTree = "<group>"; };
		4D1B6A0F3A39EBBFF8DF2C68 /* ShakeDetectorTests.swift */ = {isa = PBXFileReference; lastKnownFileType = sourcecode.swift; path = ShakeDetectorTests.swift; sourceTree = "<group>"; };
		4EC86D4F33A13C702790BA31 /* CGWindowQuery.swift */ = {isa = PBXFileReference; lastKnownFileType = sourcecode.swift; path = CGWindowQuery.swift; sourceTree = "<group>"; };
		510788A551FE2A5D799BDF9E /* Onboarding.swift */ = {isa = PBXFileReference; lastKnownFileType = sourcecode.swift; path = Onboarding.swift; sourceTree = "<group>"; };
		54E0A8843B4FABCBECECEF3F /* CanvasAlignment.swift */ = {isa = PBXFileReference; lastKnownFileType = sourcecode.swift; path = CanvasAlignment.swift; sourceTree = "<group>"; };
		55B5E2EBC68F19E19C31300C /* WindowMutationQueue.swift */ = {isa = PBXFileReference; lastKnownFileType = sourcecode.swift; path = WindowMutationQueue.swift; sourceTree = "<group>"; };
		5702987390AB9AF2E196E91D /* WelcomeLayoutsPage.swift */ = {isa = PBXFileReference; lastKnownFileType = sourcecode.swift; path = WelcomeLayoutsPage.swift; sourceTree = "<group>"; };
		5999B19A23506C1F5BFFF1C0 /* RuntimeMode.swift */ = {isa = PBXFileReference; lastKnownFileType = sourcecode.swift; path = RuntimeMode.swift; sourceTree = "<group>"; };
		5A0756C0918952DA1AA0B2E0 /* ShortcutPanelController.swift */ = {isa = PBXFileReference; lastKnownFileType = sourcecode.swift; path = ShortcutPanelController.swift; sourceTree = "<group>"; };
		5A5EEA472CBDD9E37A44321A /* PinMirrorSession.swift */ = {isa = PBXFileReference; lastKnownFileType = sourcecode.swift; path = PinMirrorSession.swift; sourceTree = "<group>"; };
		5D061B41E08AE18D0642BBC7 /* AccessibilityClient.swift */ = {isa = PBXFileReference; lastKnownFileType = sourcecode.swift; path = AccessibilityClient.swift; sourceTree = "<group>"; };
		5DB7C3E5ED2E53EC9FE3091A /* LayoutTemplates.swift */ = {isa = PBXFileReference; lastKnownFileType = sourcecode.swift; path = LayoutTemplates.swift; sourceTree = "<group>"; };
		625BA92949DBCF1FF27043A7 /* ScreenRecordingAccess.swift */ = {isa = PBXFileReference; lastKnownFileType = sourcecode.swift; path = ScreenRecordingAccess.swift; sourceTree = "<group>"; };
		6347EA9F47DCC7BE5E1E7CE1 /* ZonePixelMetrics.swift */ = {isa = PBXFileReference; lastKnownFileType = sourcecode.swift; path = ZonePixelMetrics.swift; sourceTree = "<group>"; };
		643D257C1C1C278B39EA9176 /* MenuBarController.swift */ = {isa = PBXFileReference; lastKnownFileType = sourcecode.swift; path = MenuBarController.swift; sourceTree = "<group>"; };
		67A26B472B8AD57437CC0AC7 /* DividerPlanTests.swift */ = {isa = PBXFileReference; lastKnownFileType = sourcecode.swift; path = DividerPlanTests.swift; sourceTree = "<group>"; };
		69685BECC3CD1AA25F48583D /* CanvasSnappingTests.swift */ = {isa = PBXFileReference; lastKnownFileType = sourcecode.swift; path = CanvasSnappingTests.swift; sourceTree = "<group>"; };
		6DAA1C2D5E46EE4CAA6AAAEB /* LayoutEditorCanvasView.swift */ = {isa = PBXFileReference; lastKnownFileType = sourcecode.swift; path = LayoutEditorCanvasView.swift; sourceTree = "<group>"; };
		6E72011FF0EB3D1B4EDBA1BC /* ProfilePlanTests.swift */ = {isa = PBXFileReference; lastKnownFileType = sourcecode.swift; path = ProfilePlanTests.swift; sourceTree = "<group>"; };
		6F820639A948E5AFCF2087E7 /* MenuBarConsoleController.swift */ = {isa = PBXFileReference; lastKnownFileType = sourcecode.swift; path = MenuBarConsoleController.swift; sourceTree = "<group>"; };
		738A17F5CF20FFC2AC5980B6 /* ZoneBox.app */ = {isa = PBXFileReference; explicitFileType = wrapper.application; includeInIndex = 0; path = ZoneBox.app; sourceTree = BUILT_PRODUCTS_DIR; };
		769C9142748FF40EEB61E94A /* WindowMoveChromeTests.swift */ = {isa = PBXFileReference; lastKnownFileType = sourcecode.swift; path = WindowMoveChromeTests.swift; sourceTree = "<group>"; };
		76D46356DE7D3AE004DC760C /* CanvasSnapping.swift */ = {isa = PBXFileReference; lastKnownFileType = sourcecode.swift; path = CanvasSnapping.swift; sourceTree = "<group>"; };
		79E3A9E10D7D51318797C876 /* DividerController.swift */ = {isa = PBXFileReference; lastKnownFileType = sourcecode.swift; path = DividerController.swift; sourceTree = "<group>"; };
		7CD56E29284C47A1F36B1DA9 /* PinMirrorPanel.swift */ = {isa = PBXFileReference; lastKnownFileType = sourcecode.swift; path = PinMirrorPanel.swift; sourceTree = "<group>"; };
		7EFE483F6CBDB37363637CAD /* WorkArea.swift */ = {isa = PBXFileReference; lastKnownFileType = sourcecode.swift; path = WorkArea.swift; sourceTree = "<group>"; };
		8571DA8824420BA1C6BFFE12 /* ProfilePlan.swift */ = {isa = PBXFileReference; lastKnownFileType = sourcecode.swift; path = ProfilePlan.swift; sourceTree = "<group>"; };
		85AF3584B40B1DE9E539564D /* MagneticResize.swift */ = {isa = PBXFileReference; lastKnownFileType = sourcecode.swift; path = MagneticResize.swift; sourceTree = "<group>"; };
		8620CAF22D1FEB8ADC381F6C /* ShortcutCatalog.swift */ = {isa = PBXFileReference; lastKnownFileType = sourcecode.swift; path = ShortcutCatalog.swift; sourceTree = "<group>"; };
		886157B8AFFD508BC0337B29 /* RuntimeHost.swift */ = {isa = PBXFileReference; lastKnownFileType = sourcecode.swift; path = RuntimeHost.swift; sourceTree = "<group>"; };
		8977D5A42FCDB9665527E332 /* libZoneBoxCore.a */ = {isa = PBXFileReference; explicitFileType = archive.ar; includeInIndex = 0; path = libZoneBoxCore.a; sourceTree = BUILT_PRODUCTS_DIR; };
		8BBA04EB532BBE6D88A88DD7 /* CanvasEditing.swift */ = {isa = PBXFileReference; lastKnownFileType = sourcecode.swift; path = CanvasEditing.swift; sourceTree = "<group>"; };
		8C31B755547546BEB821F785 /* DividerOverlayView.swift */ = {isa = PBXFileReference; lastKnownFileType = sourcecode.swift; path = DividerOverlayView.swift; sourceTree = "<group>"; };
		8D17E2D7EF1A72728C7AE16A /* CanvasContextMenu.swift */ = {isa = PBXFileReference; lastKnownFileType = sourcecode.swift; path = CanvasContextMenu.swift; sourceTree = "<group>"; };
		8D39E9BE7A08C15E0BA42702 /* QuickSnapper.swift */ = {isa = PBXFileReference; lastKnownFileType = sourcecode.swift; path = QuickSnapper.swift; sourceTree = "<group>"; };
		8E1179F5E0E9E644378B45AB /* DividerPlan.swift */ = {isa = PBXFileReference; lastKnownFileType = sourcecode.swift; path = DividerPlan.swift; sourceTree = "<group>"; };
		8EC410EE59F835DE6A809848 /* CoordinateConverter.swift */ = {isa = PBXFileReference; lastKnownFileType = sourcecode.swift; path = CoordinateConverter.swift; sourceTree = "<group>"; };
		8F09677CE6C82C3B3978A9E2 /* en */ = {isa = PBXFileReference; lastKnownFileType = text.plist.strings; name = en; path = en.lproj/InfoPlist.strings; sourceTree = "<group>"; };
		8FABADF86A10A5CE9C0A81EC /* OverlapPolicy.swift */ = {isa = PBXFileReference; lastKnownFileType = sourcecode.swift; path = OverlapPolicy.swift; sourceTree = "<group>"; };
		9118B8805E80F4D1DA3FC84D /* AppSettings.swift */ = {isa = PBXFileReference; lastKnownFileType = sourcecode.swift; path = AppSettings.swift; sourceTree = "<group>"; };
		92804B026972E065B5438FCB /* zh-Hans */ = {isa = PBXFileReference; lastKnownFileType = text.plist.strings; name = "zh-Hans"; path = "zh-Hans.lproj/InfoPlist.strings"; sourceTree = "<group>"; };
		930771AEC81146EE7355D0CB /* LayoutThumbnailRenderer.swift */ = {isa = PBXFileReference; lastKnownFileType = sourcecode.swift; path = LayoutThumbnailRenderer.swift; sourceTree = "<group>"; };
		942FE52E6C0BB6AEA399DDE8 /* PinHoverMonitor.swift */ = {isa = PBXFileReference; lastKnownFileType = sourcecode.swift; path = PinHoverMonitor.swift; sourceTree = "<group>"; };
		96FAF9BE34BF0E1D8F4C89D7 /* PinBadgeSlot.swift */ = {isa = PBXFileReference; lastKnownFileType = sourcecode.swift; path = PinBadgeSlot.swift; sourceTree = "<group>"; };
		977E18A00CB22B850795CDAA /* NormalizedRect.swift */ = {isa = PBXFileReference; lastKnownFileType = sourcecode.swift; path = NormalizedRect.swift; sourceTree = "<group>"; };
		98258836C8292CAADBCE6D71 /* SimulatorDevicePlan.swift */ = {isa = PBXFileReference; lastKnownFileType = sourcecode.swift; path = SimulatorDevicePlan.swift; sourceTree = "<group>"; };
		9A1EA11777D94206C972FF4E /* CanvasEditingTests.swift */ = {isa = PBXFileReference; lastKnownFileType = sourcecode.swift; path = CanvasEditingTests.swift; sourceTree = "<group>"; };
		9A2957655E620023F8101FFC /* WindowIdentity.swift */ = {isa = PBXFileReference; lastKnownFileType = sourcecode.swift; path = WindowIdentity.swift; sourceTree = "<group>"; };
		9ACCDB3D7C46B37845495D75 /* ShortcutBinding.swift */ = {isa = PBXFileReference; lastKnownFileType = sourcecode.swift; path = ShortcutBinding.swift; sourceTree = "<group>"; };
		9B493DBA30157E6F82963E4C /* AccessibilityGuideView.swift */ = {isa = PBXFileReference; lastKnownFileType = sourcecode.swift; path = AccessibilityGuideView.swift; sourceTree = "<group>"; };
		9C17F30BC95D5A464046FA95 /* LayoutKind.swift */ = {isa = PBXFileReference; lastKnownFileType = sourcecode.swift; path = LayoutKind.swift; sourceTree = "<group>"; };
		A04638ED5862F7E46C3E052F /* QuickSnapperTests.swift */ = {isa = PBXFileReference; lastKnownFileType = sourcecode.swift; path = QuickSnapperTests.swift; sourceTree = "<group>"; };
		A246689C54BA85D2FE9BAA5E /* ZoneSplitTests.swift */ = {isa = PBXFileReference; lastKnownFileType = sourcecode.swift; path = ZoneSplitTests.swift; sourceTree = "<group>"; };
		A2F3783F6B2A2618E6285C4C /* LayoutStripGeometryTests.swift */ = {isa = PBXFileReference; lastKnownFileType = sourcecode.swift; path = LayoutStripGeometryTests.swift; sourceTree = "<group>"; };
		A4ED48EADD1D174472389480 /* ScaffoldTests.swift */ = {isa = PBXFileReference; lastKnownFileType = sourcecode.swift; path = ScaffoldTests.swift; sourceTree = "<group>"; };
		A54CCDC2D0CA3E96560FD02A /* SnapSessionReducer.swift */ = {isa = PBXFileReference; lastKnownFileType = sourcecode.swift; path = SnapSessionReducer.swift; sourceTree = "<group>"; };
		A62BDEBD923D79EAFEBD9559 /* DisplayWatcher.swift */ = {isa = PBXFileReference; lastKnownFileType = sourcecode.swift; path = DisplayWatcher.swift; sourceTree = "<group>"; };
		A727A3139F1922D21AA08BFD /* ZoneSplit.swift */ = {isa = PBXFileReference; lastKnownFileType = sourcecode.swift; path = ZoneSplit.swift; sourceTree = "<group>"; };
		ABB8270A23BADECB0D3F0EAC /* WindowOrganize.swift */ = {isa = PBXFileReference; lastKnownFileType = sourcecode.swift; path = WindowOrganize.swift; sourceTree = "<group>"; };
		AD7D23302AA5B84B8A0413E1 /* PinButtonPanel.swift */ = {isa = PBXFileReference; lastKnownFileType = sourcecode.swift; path = PinButtonPanel.swift; sourceTree = "<group>"; };
		AF21D7874A246CBEA1AEE0C6 /* GridCoverageTests.swift */ = {isa = PBXFileReference; lastKnownFileType = sourcecode.swift; path = GridCoverageTests.swift; sourceTree = "<group>"; };
		AF32320082E685F5BED369E0 /* UISession.swift */ = {isa = PBXFileReference; lastKnownFileType = sourcecode.swift; path = UISession.swift; sourceTree = "<group>"; };
		B05872BF00DA80B297166F65 /* LayoutStripGeometry.swift */ = {isa = PBXFileReference; lastKnownFileType = sourcecode.swift; path = LayoutStripGeometry.swift; sourceTree = "<group>"; };
		B16192ECC49D6E451A8936A8 /* RectMath.swift */ = {isa = PBXFileReference; lastKnownFileType = sourcecode.swift; path = RectMath.swift; sourceTree = "<group>"; };
		B4546B3FE9E7369528AC055E /* ZoneScrollZoomTests.swift */ = {isa = PBXFileReference; lastKnownFileType = sourcecode.swift; path = ZoneScrollZoomTests.swift; sourceTree = "<group>"; };
		B7DDBF2473DFAA28DC469CB9 /* SnapTarget.swift */ = {isa = PBXFileReference; lastKnownFileType = sourcecode.swift; path = SnapTarget.swift; sourceTree = "<group>"; };
		B7FE0911F56CC8CD3AA4FDBA /* SettingsStoreTests.swift */ = {isa = PBXFileReference; lastKnownFileType = sourcecode.swift; path = SettingsStoreTests.swift; sourceTree = "<group>"; };
		B9EAE7A248496492835F307F /* GridCoverage.swift */ = {isa = PBXFileReference; lastKnownFileType = sourcecode.swift; path = GridCoverage.swift; sourceTree = "<group>"; };
		BA9D165C2B155D2E12A803AB /* L10n.swift */ = {isa = PBXFileReference; lastKnownFileType = sourcecode.swift; path = L10n.swift; sourceTree = "<group>"; };
		C44D6AE4213818490ABAEA7A /* ShortcutCatalogTests.swift */ = {isa = PBXFileReference; lastKnownFileType = sourcecode.swift; path = ShortcutCatalogTests.swift; sourceTree = "<group>"; };
		C9D5122A337EC77F24071CC7 /* AppDelegate.swift */ = {isa = PBXFileReference; lastKnownFileType = sourcecode.swift; path = AppDelegate.swift; sourceTree = "<group>"; };
		CA830A028E016744AF61F8E0 /* WelcomeAccessibilityPage.swift */ = {isa = PBXFileReference; lastKnownFileType = sourcecode.swift; path = WelcomeAccessibilityPage.swift; sourceTree = "<group>"; };
		CB9A450E32D36B40B42E92A6 /* WindowMoveChrome.swift */ = {isa = PBXFileReference; lastKnownFileType = sourcecode.swift; path = WindowMoveChrome.swift; sourceTree = "<group>"; };
		CCA8D9284C4CC58F8088BDF2 /* Assets.xcassets */ = {isa = PBXFileReference; lastKnownFileType = folder.assetcatalog; path = Assets.xcassets; sourceTree = "<group>"; };
		CD0B8B1AA2CD7208340838FC /* Gutter.swift */ = {isa = PBXFileReference; lastKnownFileType = sourcecode.swift; path = Gutter.swift; sourceTree = "<group>"; };
		CDA194CF90613C4665568EB3 /* PinBadgeSlotTests.swift */ = {isa = PBXFileReference; lastKnownFileType = sourcecode.swift; path = PinBadgeSlotTests.swift; sourceTree = "<group>"; };
		CE4856322EAAD6CC5D0EFEB0 /* ProfileCapture.swift */ = {isa = PBXFileReference; lastKnownFileType = sourcecode.swift; path = ProfileCapture.swift; sourceTree = "<group>"; };
		D3927D8EF1D49129A80DC0BD /* HotkeyCenter.swift */ = {isa = PBXFileReference; lastKnownFileType = sourcecode.swift; path = HotkeyCenter.swift; sourceTree = "<group>"; };
		D41D9B63F5FC12E5EF6EC7D3 /* Layout.swift */ = {isa = PBXFileReference; lastKnownFileType = sourcecode.swift; path = Layout.swift; sourceTree = "<group>"; };
		D6BF84ADFCB22ABA296D8C83 /* SettingsStore.swift */ = {isa = PBXFileReference; lastKnownFileType = sourcecode.swift; path = SettingsStore.swift; sourceTree = "<group>"; };
		D79030DF06A834B58F163BAB /* FakeWindowList.swift */ = {isa = PBXFileReference; lastKnownFileType = sourcecode.swift; path = FakeWindowList.swift; sourceTree = "<group>"; };
		DD96966B883ED6C884EED18A /* Zone.swift */ = {isa = PBXFileReference; lastKnownFileType = sourcecode.swift; path = Zone.swift; sourceTree = "<group>"; };
		DDF8CEA8006FEC64E189A8FE /* OverlayPanel.swift */ = {isa = PBXFileReference; lastKnownFileType = sourcecode.swift; path = OverlayPanel.swift; sourceTree = "<group>"; };
		E0474A0519CB9B47C9DD6059 /* ShakeDetector.swift */ = {isa = PBXFileReference; lastKnownFileType = sourcecode.swift; path = ShakeDetector.swift; sourceTree = "<group>"; };
		E23BBE12D82D5FDE06EAE3CD /* SimulatorDevicePlanTests.swift */ = {isa = PBXFileReference; lastKnownFileType = sourcecode.swift; path = SimulatorDevicePlanTests.swift; sourceTree = "<group>"; };
		E43833CC52E0DA1E5CA238EC /* SnapMouseEvent.swift */ = {isa = PBXFileReference; lastKnownFileType = sourcecode.swift; path = SnapMouseEvent.swift; sourceTree = "<group>"; };
		E62292FD18B81A5F1168FDFD /* AppIdentity.swift */ = {isa = PBXFileReference; lastKnownFileType = sourcecode.swift; path = AppIdentity.swift; sourceTree = "<group>"; };
		E78E6557B43D6F62E6480FE2 /* LayoutEditTransaction.swift */ = {isa = PBXFileReference; lastKnownFileType = sourcecode.swift; path = LayoutEditTransaction.swift; sourceTree = "<group>"; };
		E8B1C541ACF2E6802EC67C06 /* ZoneScrollZoom.swift */ = {isa = PBXFileReference; lastKnownFileType = sourcecode.swift; path = ZoneScrollZoom.swift; sourceTree = "<group>"; };
		EDC74C1E359F8A0851AB0402 /* PinPlan.swift */ = {isa = PBXFileReference; lastKnownFileType = sourcecode.swift; path = PinPlan.swift; sourceTree = "<group>"; };
		EE04A96E07C2D24DDCD0089D /* DividerPanel.swift */ = {isa = PBXFileReference; lastKnownFileType = sourcecode.swift; path = DividerPanel.swift; sourceTree = "<group>"; };
		EFE9DAF44F4088162A49E2E8 /* OnboardingPolicyTests.swift */ = {isa = PBXFileReference; lastKnownFileType = sourcecode.swift; path = OnboardingPolicyTests.swift; sourceTree = "<group>"; };
		F154AB3125FD0D1DD614A6D0 /* OrganizeFeedbackController.swift */ = {isa = PBXFileReference; lastKnownFileType = sourcecode.swift; path = OrganizeFeedbackController.swift; sourceTree = "<group>"; };
		F17C5CBE01B46CDD558A5216 /* SnapEngine.swift */ = {isa = PBXFileReference; lastKnownFileType = sourcecode.swift; path = SnapEngine.swift; sourceTree = "<group>"; };
		F3029ADED93C5B74F5139101 /* GridEditing.swift */ = {isa = PBXFileReference; lastKnownFileType = sourcecode.swift; path = GridEditing.swift; sourceTree = "<group>"; };
		F33400B4EA55E91DE0709E7E /* WindowCatalogState.swift */ = {isa = PBXFileReference; lastKnownFileType = sourcecode.swift; path = WindowCatalogState.swift; sourceTree = "<group>"; };
		F3F75A472A42567EAE77B68E /* ZoneOverlayView.swift */ = {isa = PBXFileReference; lastKnownFileType = sourcecode.swift; path = ZoneOverlayView.swift; sourceTree = "<group>"; };
		F408824B492A827856239801 /* SimulatorDeviceBooter.swift */ = {isa = PBXFileReference; lastKnownFileType = sourcecode.swift; path = SimulatorDeviceBooter.swift; sourceTree = "<group>"; };
		F4EC839136A1A03A0DE355F4 /* AXWindowMutator.swift */ = {isa = PBXFileReference; lastKnownFileType = sourcecode.swift; path = AXWindowMutator.swift; sourceTree = "<group>"; };
		F855477293635D7EFA9475DC /* WorkspaceCenter.swift */ = {isa = PBXFileReference; lastKnownFileType = sourcecode.swift; path = WorkspaceCenter.swift; sourceTree = "<group>"; };
		F8EA118D2D34A6EEC039DF15 /* L10nTests.swift */ = {isa = PBXFileReference; lastKnownFileType = sourcecode.swift; path = L10nTests.swift; sourceTree = "<group>"; };
		F9F9C9D7CBA82580E665F190 /* WelcomeWindowController.swift */ = {isa = PBXFileReference; lastKnownFileType = sourcecode.swift; path = WelcomeWindowController.swift; sourceTree = "<group>"; };
		FAA8DD396BB015BFEE717CE2 /* TrustMonitor.swift */ = {isa = PBXFileReference; lastKnownFileType = sourcecode.swift; path = TrustMonitor.swift; sourceTree = "<group>"; };
		FB08C54E77DFC28D032D8B18 /* OverlayController.swift */ = {isa = PBXFileReference; lastKnownFileType = sourcecode.swift; path = OverlayController.swift; sourceTree = "<group>"; };
		FBC77B4A79C6FFC279808F81 /* JSONCoding.swift */ = {isa = PBXFileReference; lastKnownFileType = sourcecode.swift; path = JSONCoding.swift; sourceTree = "<group>"; };
/* End PBXFileReference section */

/* Begin PBXFrameworksBuildPhase section */
		54A021AAB45420BB27093351 /* Frameworks */ = {
			isa = PBXFrameworksBuildPhase;
			buildActionMask = 2147483647;
			files = (
				30BBD31606521AA8D9527935 /* libZoneBoxCore.a in Frameworks */,
			);
			runOnlyForDeploymentPostprocessing = 0;
		};
		C70604BCB881E8DB1A595962 /* Frameworks */ = {
			isa = PBXFrameworksBuildPhase;
			buildActionMask = 2147483647;
			files = (
				63C3B0B612099E5215AF0F25 /* libZoneBoxCore.a in Frameworks */,
			);
			runOnlyForDeploymentPostprocessing = 0;
		};
/* End PBXFrameworksBuildPhase section */

/* Begin PBXGroup section */
		0CB2A97869C4E290D37B0FA3 /* Geometry */ = {
			isa = PBXGroup;
			children = (
				54E0A8843B4FABCBECECEF3F /* CanvasAlignment.swift */,
				8BBA04EB532BBE6D88A88DD7 /* CanvasEditing.swift */,
				76D46356DE7D3AE004DC760C /* CanvasSnapping.swift */,
				8EC410EE59F835DE6A809848 /* CoordinateConverter.swift */,
				B9EAE7A248496492835F307F /* GridCoverage.swift */,
				F3029ADED93C5B74F5139101 /* GridEditing.swift */,
				3EB874161D6F9CA3F4DC63D1 /* GridResolver.swift */,
				CD0B8B1AA2CD7208340838FC /* Gutter.swift */,
				2450A6958359F65AFC611957 /* HitTester.swift */,
				85AF3584B40B1DE9E539564D /* MagneticResize.swift */,
				977E18A00CB22B850795CDAA /* NormalizedRect.swift */,
				8FABADF86A10A5CE9C0A81EC /* OverlapPolicy.swift */,
				96FAF9BE34BF0E1D8F4C89D7 /* PinBadgeSlot.swift */,
				B16192ECC49D6E451A8936A8 /* RectMath.swift */,
				CB9A450E32D36B40B42E92A6 /* WindowMoveChrome.swift */,
				7EFE483F6CBDB37363637CAD /* WorkArea.swift */,
				6347EA9F47DCC7BE5E1E7CE1 /* ZonePixelMetrics.swift */,
				E8B1C541ACF2E6802EC67C06 /* ZoneScrollZoom.swift */,
				A727A3139F1922D21AA08BFD /* ZoneSplit.swift */,
			);
			path = Geometry;
			sourceTree = "<group>";
		};
		116660229A92E78EE02E1B2A /* Onboarding */ = {
			isa = PBXGroup;
			children = (
				10C9CEE6F75DDADAE929A5D5 /* AccessibilityGuideModel.swift */,
				9B493DBA30157E6F82963E4C /* AccessibilityGuideView.swift */,
				27AD31A40B79C629169D4388 /* AccessibilityGuideWindowController.swift */,
				CA830A028E016744AF61F8E0 /* WelcomeAccessibilityPage.swift */,
				11806D1300DEB7092C78653D /* WelcomeFirstSnapPage.swift */,
				5702987390AB9AF2E196E91D /* WelcomeLayoutsPage.swift */,
				1F65F8ED2839E1D47B857AB1 /* WelcomePages.swift */,
				F9F9C9D7CBA82580E665F190 /* WelcomeWindowController.swift */,
			);
			path = Onboarding;
			sourceTree = "<group>";
		};
		1AA399626E846F66CD09BF3C /* Domain */ = {
			isa = PBXGroup;
			children = (
				E62292FD18B81A5F1168FDFD /* AppIdentity.swift */,
				9118B8805E80F4D1DA3FC84D /* AppSettings.swift */,
				0469E20CD7E9925F2A12E02A /* DisplayIdentity.swift */,
				8E1179F5E0E9E644378B45AB /* DividerPlan.swift */,
				BA9D165C2B155D2E12A803AB /* L10n.swift */,
				30B1996FFFC9C296E9C8DE88 /* LanguageCenter.swift */,
				D41D9B63F5FC12E5EF6EC7D3 /* Layout.swift */,
				E78E6557B43D6F62E6480FE2 /* LayoutEditTransaction.swift */,
				9C17F30BC95D5A464046FA95 /* LayoutKind.swift */,
				B05872BF00DA80B297166F65 /* LayoutStripGeometry.swift */,
				5DB7C3E5ED2E53EC9FE3091A /* LayoutTemplates.swift */,
				510788A551FE2A5D799BDF9E /* Onboarding.swift */,
				40A75ACF816E0C5D9D75FC2C /* OverlayPresentation.swift */,
				EDC74C1E359F8A0851AB0402 /* PinPlan.swift */,
				CE4856322EAAD6CC5D0EFEB0 /* ProfileCapture.swift */,
				8571DA8824420BA1C6BFFE12 /* ProfilePlan.swift */,
				8D39E9BE7A08C15E0BA42702 /* QuickSnapper.swift */,
				5999B19A23506C1F5BFFF1C0 /* RuntimeMode.swift */,
				E0474A0519CB9B47C9DD6059 /* ShakeDetector.swift */,
				9ACCDB3D7C46B37845495D75 /* ShortcutBinding.swift */,
				8620CAF22D1FEB8ADC381F6C /* ShortcutCatalog.swift */,
				98258836C8292CAADBCE6D71 /* SimulatorDevicePlan.swift */,
				E43833CC52E0DA1E5CA238EC /* SnapMouseEvent.swift */,
				446A73B628D4176872A8FC46 /* SnapSession.swift */,
				A54CCDC2D0CA3E96560FD02A /* SnapSessionReducer.swift */,
				B7DDBF2473DFAA28DC469CB9 /* SnapTarget.swift */,
				F33400B4EA55E91DE0709E7E /* WindowCatalogState.swift */,
				9A2957655E620023F8101FFC /* WindowIdentity.swift */,
				4A64DFC267AA9417E9578541 /* WindowMutationEngine.swift */,
				55B5E2EBC68F19E19C31300C /* WindowMutationQueue.swift */,
				ABB8270A23BADECB0D3F0EAC /* WindowOrganize.swift */,
				144ADB53FA2BCC60F421D673 /* WorkspaceProfile.swift */,
				DD96966B883ED6C884EED18A /* Zone.swift */,
			);
			path = Domain;
			sourceTree = "<group>";
		};
		1C2452D78D1479DA4366F9CD /* MenuBar */ = {
			isa = PBXGroup;
			children = (
				6F820639A948E5AFCF2087E7 /* MenuBarConsoleController.swift */,
			);
			path = MenuBar;
			sourceTree = "<group>";
		};
		27CE8C9758D66D4083097A49 /* Products */ = {
			isa = PBXGroup;
			children = (
				8977D5A42FCDB9665527E332 /* libZoneBoxCore.a */,
				738A17F5CF20FFC2AC5980B6 /* ZoneBox.app */,
				36B569B511A2E3DEC2BB1121 /* ZoneBoxTests.xctest */,
			);
			name = Products;
			sourceTree = "<group>";
		};
		2E49790E858A83AE37D7BCF7 /* Services */ = {
			isa = PBXGroup;
			children = (
				A62BDEBD923D79EAFEBD9559 /* DisplayWatcher.swift */,
				79E3A9E10D7D51318797C876 /* DividerController.swift */,
				2F5BA9F83277388522DBAEB0 /* DragMonitor.swift */,
				D3927D8EF1D49129A80DC0BD /* HotkeyCenter.swift */,
				FBC77B4A79C6FFC279808F81 /* JSONCoding.swift */,
				4AEA7BDAE63EA3E83E0BD9E4 /* LayoutStore.swift */,
				4236C43CC31EA103E8850694 /* Logging.swift */,
				0C7EE874D969EBBD27A6BCE0 /* LoginItemController.swift */,
				FB08C54E77DFC28D032D8B18 /* OverlayController.swift */,
				48EDE7E34255F34CB5EE8A16 /* PinCenter.swift */,
				942FE52E6C0BB6AEA399DDE8 /* PinHoverMonitor.swift */,
				5A5EEA472CBDD9E37A44321A /* PinMirrorSession.swift */,
				625BA92949DBCF1FF27043A7 /* ScreenRecordingAccess.swift */,
				D6BF84ADFCB22ABA296D8C83 /* SettingsStore.swift */,
				F408824B492A827856239801 /* SimulatorDeviceBooter.swift */,
				F17C5CBE01B46CDD558A5216 /* SnapEngine.swift */,
				FAA8DD396BB015BFEE717CE2 /* TrustMonitor.swift */,
				3B823906D07ABC74F8C8DB95 /* WindowCatalog.swift */,
				F855477293635D7EFA9475DC /* WorkspaceCenter.swift */,
				B1989AFDA2A9BFFD1B9DA591 /* Accessibility */,
			);
			path = Services;
			sourceTree = "<group>";
		};
		3BC851061E9BEEB890BFCCDB /* UI */ = {
			isa = PBXGroup;
			children = (
				AD7D23302AA5B84B8A0413E1 /* PinButtonPanel.swift */,
				7CD56E29284C47A1F36B1DA9 /* PinMirrorPanel.swift */,
				54D749D98228075DEFBE4A32 /* Editor */,
				1C2452D78D1479DA4366F9CD /* MenuBar */,
				116660229A92E78EE02E1B2A /* Onboarding */,
				44B9EB6803A213ECA69D3464 /* Overlay */,
				8CBB03C60CE2356FC34F7C5D /* Settings */,
				D6F091E6C67CD2BCE1451E30 /* Shortcuts */,
			);
			path = UI;
			sourceTree = "<group>";
		};
		402DEA4D53474B0EF61A6DBC = {
			isa = PBXGroup;
			children = (
				7DD463F992E7CCD22B9A7CC9 /* ZoneBox */,
				C41B2668B7FA27A16D22E3E4 /* ZoneBoxTests */,
				27CE8C9758D66D4083097A49 /* Products */,
			);
			sourceTree = "<group>";
		};
		44B9EB6803A213ECA69D3464 /* Overlay */ = {
			isa = PBXGroup;
			children = (
				8C31B755547546BEB821F785 /* DividerOverlayView.swift */,
				EE04A96E07C2D24DDCD0089D /* DividerPanel.swift */,
				F154AB3125FD0D1DD614A6D0 /* OrganizeFeedbackController.swift */,
				DDF8CEA8006FEC64E189A8FE /* OverlayPanel.swift */,
				F3F75A472A42567EAE77B68E /* ZoneOverlayView.swift */,
			);
			path = Overlay;
			sourceTree = "<group>";
		};
		54D749D98228075DEFBE4A32 /* Editor */ = {
			isa = PBXGroup;
			children = (
				8D17E2D7EF1A72728C7AE16A /* CanvasContextMenu.swift */,
				0B7344A0AA5258CE72F2F37A /* CanvasEditorCommands.swift */,
				2824DA9ADC4D86AD6F324EF1 /* EditorPanel.swift */,
				6DAA1C2D5E46EE4CAA6AAAEB /* LayoutEditorCanvasView.swift */,
				1B90398FBF036AB33C48FF4F /* LayoutEditorController.swift */,
				930771AEC81146EE7355D0CB /* LayoutThumbnailRenderer.swift */,
			);
			path = Editor;
			sourceTree = "<group>";
		};
		7DD463F992E7CCD22B9A7CC9 /* ZoneBox */ = {
			isa = PBXGroup;
			children = (
				FD61F0ECCA9559F5CD8C7248 /* App */,
				1AA399626E846F66CD09BF3C /* Domain */,
				0CB2A97869C4E290D37B0FA3 /* Geometry */,
				CCCEB5F9897AE848A8C27478 /* Resources */,
				2E49790E858A83AE37D7BCF7 /* Services */,
				3BC851061E9BEEB890BFCCDB /* UI */,
			);
			path = ZoneBox;
			sourceTree = "<group>";
		};
		8CBB03C60CE2356FC34F7C5D /* Settings */ = {
			isa = PBXGroup;
			children = (
				494E5D36812C20CEC56C578D /* SettingsWindowController.swift */,
			);
			path = Settings;
			sourceTree = "<group>";
		};
		B1989AFDA2A9BFFD1B9DA591 /* Accessibility */ = {
			isa = PBXGroup;
			children = (
				5D061B41E08AE18D0642BBC7 /* AccessibilityClient.swift */,
				4EC86D4F33A13C702790BA31 /* CGWindowQuery.swift */,
				45C50B2CD005428221B93EF9 /* WindowQuerying.swift */,
			);
			path = Accessibility;
			sourceTree = "<group>";
		};
		C41B2668B7FA27A16D22E3E4 /* ZoneBoxTests */ = {
			isa = PBXGroup;
			children = (
				452F14BC1880DC6613F81535 /* CanvasAlignmentTests.swift */,
				9A1EA11777D94206C972FF4E /* CanvasEditingTests.swift */,
				69685BECC3CD1AA25F48583D /* CanvasSnappingTests.swift */,
				0D43622DF069EE3B1A1AD00C /* CoordinateConverterTests.swift */,
				67A26B472B8AD57437CC0AC7 /* DividerPlanTests.swift */,
				AF21D7874A246CBEA1AEE0C6 /* GridCoverageTests.swift */,
				16BFD082426FB82B2D4B9EE8 /* GridEditingTests.swift */,
				0BE004EFD8BDD601307B109C /* GutterTests.swift */,
				F8EA118D2D34A6EEC039DF15 /* L10nTests.swift */,
				22C1B716187BE54A3ED0E847 /* LayoutEditTransactionTests.swift */,
				3366E6F29C43FFBC33F71800 /* LayoutStoreTests.swift */,
				A2F3783F6B2A2618E6285C4C /* LayoutStripGeometryTests.swift */,
				417A2EC9036C59A559CA8C33 /* MagneticResizeTests.swift */,
				3F380C1D6503D16736E1828A /* OnboardingFlowReducerTests.swift */,
				EFE9DAF44F4088162A49E2E8 /* OnboardingPolicyTests.swift */,
				1B5341B1D36801076F2E2DC2 /* OverlayPresentationTests.swift */,
				CDA194CF90613C4665568EB3 /* PinBadgeSlotTests.swift */,
				3F9962C23C66C523F135A92A /* PinPlannerTests.swift */,
				0D5EBB47EA4E377C72E84BDE /* ProfileCaptureTests.swift */,
				6E72011FF0EB3D1B4EDBA1BC /* ProfilePlanTests.swift */,
				A04638ED5862F7E46C3E052F /* QuickSnapperTests.swift */,
				248E41C9C174D760225C33EC /* RuntimeOwnershipTests.swift */,
				A4ED48EADD1D174472389480 /* ScaffoldTests.swift */,
				B7FE0911F56CC8CD3AA4FDBA /* SettingsStoreTests.swift */,
				4D1B6A0F3A39EBBFF8DF2C68 /* ShakeDetectorTests.swift */,
				C44D6AE4213818490ABAEA7A /* ShortcutCatalogTests.swift */,
				E23BBE12D82D5FDE06EAE3CD /* SimulatorDevicePlanTests.swift */,
				474991DA98F88EFDB0CA3003 /* SnapSessionReducerTests.swift */,
				169745AABF7306DB7316EF01 /* WindowCatalogStateTests.swift */,
				769C9142748FF40EEB61E94A /* WindowMoveChromeTests.swift */,
				059A835DCA68F2F6E0020B0F /* WindowOrganizeTests.swift */,
				1D6AB5C2E2A6651D73D15795 /* WorkspaceApplyFeedbackTests.swift */,
				10E9D2C918AF5DBA84FD7C32 /* ZonePixelMetricsTests.swift */,
				B4546B3FE9E7369528AC055E /* ZoneScrollZoomTests.swift */,
				A246689C54BA85D2FE9BAA5E /* ZoneSplitTests.swift */,
				F81C871383393D0659A6781B /* Fakes */,
			);
			path = ZoneBoxTests;
			sourceTree = "<group>";
		};
		CCCEB5F9897AE848A8C27478 /* Resources */ = {
			isa = PBXGroup;
			children = (
				CCA8D9284C4CC58F8088BDF2 /* Assets.xcassets */,
				7AF68442D13371CED4200096 /* InfoPlist.strings */,
			);
			path = Resources;
			sourceTree = "<group>";
		};
		D6F091E6C67CD2BCE1451E30 /* Shortcuts */ = {
			isa = PBXGroup;
			children = (
				5A0756C0918952DA1AA0B2E0 /* ShortcutPanelController.swift */,
			);
			path = Shortcuts;
			sourceTree = "<group>";
		};
		F81C871383393D0659A6781B /* Fakes */ = {
			isa = PBXGroup;
			children = (
				2EEDC1DEA27EB9A97078FEA7 /* FakeScreen.swift */,
				D79030DF06A834B58F163BAB /* FakeWindowList.swift */,
			);
			path = Fakes;
			sourceTree = "<group>";
		};
		FD61F0ECCA9559F5CD8C7248 /* App */ = {
			isa = PBXGroup;
			children = (
				C9D5122A337EC77F24071CC7 /* AppDelegate.swift */,
				047C177F8FC4FB4717F8DB9A /* AppRuntime.swift */,
				F4EC839136A1A03A0DE355F4 /* AXWindowMutator.swift */,
				643D257C1C1C278B39EA9176 /* MenuBarController.swift */,
				886157B8AFFD508BC0337B29 /* RuntimeHost.swift */,
				AF32320082E685F5BED369E0 /* UISession.swift */,
			);
			path = App;
			sourceTree = "<group>";
		};
/* End PBXGroup section */

/* Begin PBXNativeTarget section */
		18CFFCF520871B109093650F /* ZoneBox */ = {
			isa = PBXNativeTarget;
			buildConfigurationList = A210754059D094F56ECA2294 /* Build configuration list for PBXNativeTarget "ZoneBox" */;
			buildPhases = (
				7C799E762D672A4396AA7A44 /* Sources */,
				49E1E3B39EAD7D937A7F310F /* Resources */,
				54A021AAB45420BB27093351 /* Frameworks */,
			);
			buildRules = (
			);
			dependencies = (
				3D26279BECA618B4AB5282AB /* PBXTargetDependency */,
			);
			name = ZoneBox;
			packageProductDependencies = (
			);
			productName = ZoneBox;
			productReference = 738A17F5CF20FFC2AC5980B6 /* ZoneBox.app */;
			productType = "com.apple.product-type.application";
		};
		34957F99C581AFADBFF2869F /* ZoneBoxCore */ = {
			isa = PBXNativeTarget;
			buildConfigurationList = 98BCF3518202ABC7E21908C0 /* Build configuration list for PBXNativeTarget "ZoneBoxCore" */;
			buildPhases = (
				A7538DCFA252D369B0DE8902 /* Sources */,
				0352A45CCD247EB6D4E9CBC5 /* Copy Swift Objective-C Interface Header */,
			);
			buildRules = (
			);
			dependencies = (
			);
			name = ZoneBoxCore;
			packageProductDependencies = (
			);
			productName = ZoneBoxCore;
			productReference = 8977D5A42FCDB9665527E332 /* libZoneBoxCore.a */;
			productType = "com.apple.product-type.library.static";
		};
		EBAC5156550B02AC2870C89C /* ZoneBoxTests */ = {
			isa = PBXNativeTarget;
			buildConfigurationList = BB1380A9DA33ED0B255EAA44 /* Build configuration list for PBXNativeTarget "ZoneBoxTests" */;
			buildPhases = (
				BCEC6FD65EECBDF0720DBBBE /* Sources */,
				C70604BCB881E8DB1A595962 /* Frameworks */,
			);
			buildRules = (
			);
			dependencies = (
				53709D9EC00DF8E772281FF4 /* PBXTargetDependency */,
			);
			name = ZoneBoxTests;
			packageProductDependencies = (
			);
			productName = ZoneBoxTests;
			productReference = 36B569B511A2E3DEC2BB1121 /* ZoneBoxTests.xctest */;
			productType = "com.apple.product-type.bundle.unit-test";
		};
/* End PBXNativeTarget section */

/* Begin PBXProject section */
		7D16EDF598CEDE32340C9B86 /* Project object */ = {
			isa = PBXProject;
			attributes = {
				BuildIndependentTargetsInParallel = YES;
				LastUpgradeCheck = 1540;
				TargetAttributes = {
					18CFFCF520871B109093650F = {
						DevelopmentTeam = A594W68DE5;
						ProvisioningStyle = Automatic;
					};
					34957F99C581AFADBFF2869F = {
						DevelopmentTeam = A594W68DE5;
						ProvisioningStyle = Automatic;
					};
					EBAC5156550B02AC2870C89C = {
						DevelopmentTeam = A594W68DE5;
						ProvisioningStyle = Automatic;
					};
				};
			};
			buildConfigurationList = E615EBA9EB0D30408C5667FA /* Build configuration list for PBXProject "ZoneBox" */;
			compatibilityVersion = "Xcode 15.3";
			developmentRegion = en;
			hasScannedForEncodings = 0;
			knownRegions = (
				Base,
				en,
				"zh-Hans",
			);
			mainGroup = 402DEA4D53474B0EF61A6DBC;
			minimizedProjectReferenceProxies = 1;
			productRefGroup = 27CE8C9758D66D4083097A49 /* Products */;
			projectDirPath = "";
			projectRoot = "";
			targets = (
				34957F99C581AFADBFF2869F /* ZoneBoxCore */,
				18CFFCF520871B109093650F /* ZoneBox */,
				EBAC5156550B02AC2870C89C /* ZoneBoxTests */,
			);
		};
/* End PBXProject section */

/* Begin PBXResourcesBuildPhase section */
		49E1E3B39EAD7D937A7F310F /* Resources */ = {
			isa = PBXResourcesBuildPhase;
			buildActionMask = 2147483647;
			files = (
				A86D44434E408A8320723282 /* Assets.xcassets in Resources */,
				EB1E692B8040A09B1E6AC177 /* InfoPlist.strings in Resources */,
			);
			runOnlyForDeploymentPostprocessing = 0;
		};
/* End PBXResourcesBuildPhase section */

/* Begin PBXShellScriptBuildPhase section */
		0352A45CCD247EB6D4E9CBC5 /* Copy Swift Objective-C Interface Header */ = {
			isa = PBXShellScriptBuildPhase;
			buildActionMask = 2147483647;
			files = (
			);
			inputPaths = (
				"$(DERIVED_SOURCES_DIR)/$(SWIFT_OBJC_INTERFACE_HEADER_NAME)",
			);
			name = "Copy Swift Objective-C Interface Header";
			outputPaths = (
				"$(BUILT_PRODUCTS_DIR)/include/$(PRODUCT_MODULE_NAME)/$(SWIFT_OBJC_INTERFACE_HEADER_NAME)",
			);
			runOnlyForDeploymentPostprocessing = 0;
			shellPath = /bin/sh;
			shellScript = "ditto \"${SCRIPT_INPUT_FILE_0}\" \"${SCRIPT_OUTPUT_FILE_0}\"\n";
		};
/* End PBXShellScriptBuildPhase section */

/* Begin PBXSourcesBuildPhase section */
		7C799E762D672A4396AA7A44 /* Sources */ = {
			isa = PBXSourcesBuildPhase;
			buildActionMask = 2147483647;
			files = (
				4DF9DEE8F45CD881FF3EEE13 /* AXWindowMutator.swift in Sources */,
				F9380732C4C78F9D2CAE183C /* AccessibilityClient.swift in Sources */,
				59B75BB5E2F1AA1DE686C5CC /* AccessibilityGuideModel.swift in Sources */,
				A9332F048CB3166CC0317EF1 /* AccessibilityGuideView.swift in Sources */,
				2208A28D2B4B038DE4ED81B7 /* AccessibilityGuideWindowController.swift in Sources */,
				C08A4BF5CC67A7CEAC675D06 /* AppDelegate.swift in Sources */,
				077726CC23EA8ED725C192FF /* AppRuntime.swift in Sources */,
				7D7514184280D7E26ED3385E /* CGWindowQuery.swift in Sources */,
				0E0D5809DA42F2206D2F95AF /* CanvasContextMenu.swift in Sources */,
				3221C9A4F5E9F507E3622277 /* CanvasEditorCommands.swift in Sources */,
				5A056B3E4BE8CDC833747511 /* DisplayWatcher.swift in Sources */,
				01034520349DC78B30DF051F /* DividerController.swift in Sources */,
				2D248204FFC46EF8BB63DADF /* DividerOverlayView.swift in Sources */,
				A589991E85D71B9A081AB3D9 /* DividerPanel.swift in Sources */,
				E9BB1FDB1FFFFC4498CC1EBB /* DragMonitor.swift in Sources */,
				2BF1C0D0DA809F6E43EE996A /* EditorPanel.swift in Sources */,
				49F9E503E8F1FFCFCCEB454A /* HotkeyCenter.swift in Sources */,
				A240F4BF13C5454FC76CFE6E /* LayoutEditorCanvasView.swift in Sources */,
				937719E3DC4091CBC3595D4A /* LayoutEditorController.swift in Sources */,
				4DC8E3DCE4158DBCB5228FB9 /* LayoutThumbnailRenderer.swift in Sources */,
				D2ED28B9C23EA8B15004CC3A /* LoginItemController.swift in Sources */,
				737615E270F4C3235085D72A /* MenuBarConsoleController.swift in Sources */,
				B694A66A3ED1B31554995933 /* MenuBarController.swift in Sources */,
				E48786CD7BB2321DFE94BC20 /* OrganizeFeedbackController.swift in Sources */,
				C7A614B558880E522A4EFAFE /* OverlayController.swift in Sources */,
				5AB0E7DE3723D77DE633F84C /* OverlayPanel.swift in Sources */,
				296F259F88E45597E8CC3595 /* PinButtonPanel.swift in Sources */,
				229D696FBD31A1FF4ACB96D9 /* PinCenter.swift in Sources */,
				A91F5DFAA57416B532A923DB /* PinHoverMonitor.swift in Sources */,
				3720A56A822E92C0F694A322 /* PinMirrorPanel.swift in Sources */,
				1F1E9823161C0734D1DFB389 /* PinMirrorSession.swift in Sources */,
				69873FAEFD80DF72DFD92844 /* RuntimeHost.swift in Sources */,
				B6FA120D8CE69966EAE6796C /* ScreenRecordingAccess.swift in Sources */,
				1FEED08B78CA303B00219320 /* SettingsWindowController.swift in Sources */,
				B7AAB59523BEBCBC389A65EA /* ShortcutPanelController.swift in Sources */,
				9944D35A0904128CF7D248AE /* SimulatorDeviceBooter.swift in Sources */,
				F0BE4D8C71D41A1780C7827C /* SnapEngine.swift in Sources */,
				76DE2B669838946FAD679A93 /* TrustMonitor.swift in Sources */,
				602C8EF6260E18480529C10D /* UISession.swift in Sources */,
				B410017A83B40CB56846E426 /* WelcomeAccessibilityPage.swift in Sources */,
				88F4AD1A9EB63C9A7D4AC7CB /* WelcomeFirstSnapPage.swift in Sources */,
				C899F20BDF17746B2D796B85 /* WelcomeLayoutsPage.swift in Sources */,
				0C3391DF982C1C73B1B0B4B4 /* WelcomePages.swift in Sources */,
				D27BEA60DA74AE4B9AAAAC36 /* WelcomeWindowController.swift in Sources */,
				FFB58EB33E86634605604872 /* WindowCatalog.swift in Sources */,
				910DE576C2672D6EFF044DB0 /* WindowQuerying.swift in Sources */,
				D5FF897F5A4AF3F055B13384 /* WorkspaceCenter.swift in Sources */,
				E583D858D4C31324E6FE3F24 /* ZoneOverlayView.swift in Sources */,
			);
			runOnlyForDeploymentPostprocessing = 0;
		};
		A7538DCFA252D369B0DE8902 /* Sources */ = {
			isa = PBXSourcesBuildPhase;
			buildActionMask = 2147483647;
			files = (
				C161D00E490572EA176CC384 /* AppIdentity.swift in Sources */,
				5AEEADDF5E7BB3E40152E752 /* AppSettings.swift in Sources */,
				D80B6CC48920A72AD77C0EC0 /* CanvasAlignment.swift in Sources */,
				B4EBE0BC6911797C2923FF5E /* CanvasEditing.swift in Sources */,
				C3DD325D613F7341CAEB29F6 /* CanvasSnapping.swift in Sources */,
				0AE7E89A6887FED40C2DD84A /* CoordinateConverter.swift in Sources */,
				7BC21BF4AF4EE4442B79AADC /* DisplayIdentity.swift in Sources */,
				4314A6CA7011C119E05455E6 /* DividerPlan.swift in Sources */,
				F7BE3CF8E73A2EA289E5860D /* GridCoverage.swift in Sources */,
				17E6ADFF3CAEAF14CEE7E1FC /* GridEditing.swift in Sources */,
				1E8F613C9745B11E71208D83 /* GridResolver.swift in Sources */,
				AB132842525793E4FA9EA7A6 /* Gutter.swift in Sources */,
				C5C75A6F7AAB652A75CF4527 /* HitTester.swift in Sources */,
				97B317731ECAC7D2582CC02F /* JSONCoding.swift in Sources */,
				F7E6A2499A2E05798EE18CA0 /* L10n.swift in Sources */,
				4340CD9A1CCE724BAEBCCE86 /* LanguageCenter.swift in Sources */,
				3800061B9853FA767026E3A7 /* Layout.swift in Sources */,
				F183E2D932109FB15D2E8C90 /* LayoutEditTransaction.swift in Sources */,
				C8ADDEE70F80068B2A48A36A /* LayoutKind.swift in Sources */,
				16A9CFD82CAD960109B04F29 /* LayoutStore.swift in Sources */,
				24D04804A43B87F22D593CE7 /* LayoutStripGeometry.swift in Sources */,
				27BF1033F4022038BB6FEBF0 /* LayoutTemplates.swift in Sources */,
				F8498FAC48EBA72D235B1E86 /* Logging.swift in Sources */,
				AC9C34790F1F5E1622F2C420 /* MagneticResize.swift in Sources */,
				BA64C227E2A8884F6F5B59D9 /* NormalizedRect.swift in Sources */,
				DD40D5A255A8C1BFE6F98CC5 /* Onboarding.swift in Sources */,
				28687E3CEC10DB234E13D809 /* OverlapPolicy.swift in Sources */,
				C6BDDB6052E2A9E8B27F2AED /* OverlayPresentation.swift in Sources */,
				C8BCD13896E368024E2C54DC /* PinBadgeSlot.swift in Sources */,
				E21124C69785B729BCA9A54C /* PinPlan.swift in Sources */,
				B8095779ECB9EA022C432D91 /* ProfileCapture.swift in Sources */,
				D2DA54D774C0E29D0AF17E1F /* ProfilePlan.swift in Sources */,
				376D2AF3FCFB5029B912A046 /* QuickSnapper.swift in Sources */,
				AF1FE4684152A3F4D2577577 /* RectMath.swift in Sources */,
				7A708AE04D498549C19D9002 /* RuntimeMode.swift in Sources */,
				20720D2F728CA9DF1F78256A /* SettingsStore.swift in Sources */,
				4C8F02506923A238F526AF4F /* ShakeDetector.swift in Sources */,
				7F23DFA154585AA604CE2EC0 /* ShortcutBinding.swift in Sources */,
				89DE65C466B12BA30754A933 /* ShortcutCatalog.swift in Sources */,
				B3374C9C09DC7BF9507BCAB6 /* SimulatorDevicePlan.swift in Sources */,
				49F9AC68D4CAAFBF0E18ADFB /* SnapMouseEvent.swift in Sources */,
				4ED1E338A3E8D16F68230736 /* SnapSession.swift in Sources */,
				C8F6AD9DAF96B5E2676EBD87 /* SnapSessionReducer.swift in Sources */,
				1A11731135257869F65F5E6A /* SnapTarget.swift in Sources */,
				2D0E4DE4E2DB7CA72006E027 /* WindowCatalogState.swift in Sources */,
				D713F6C41B6F168F1E33B1CC /* WindowIdentity.swift in Sources */,
				C4468985A7D42FCA94C8EF75 /* WindowMoveChrome.swift in Sources */,
				D9DDE56F5482BCC85E5CFB97 /* WindowMutationEngine.swift in Sources */,
				926A03B73E1FC3E05A63D7D6 /* WindowMutationQueue.swift in Sources */,
				4CC68B6A2EF49FB06FE2D6E1 /* WindowOrganize.swift in Sources */,
				E8405C23906B84C40461F26F /* WorkArea.swift in Sources */,
				58EA885B537AFB39EB3EFBE4 /* WorkspaceProfile.swift in Sources */,
				AF2153D3CBFCC39CF5305265 /* Zone.swift in Sources */,
				4AB77606F6D8AC3F650AC143 /* ZonePixelMetrics.swift in Sources */,
				995766F02B819432FF9C392F /* ZoneScrollZoom.swift in Sources */,
				BD2D0A8C43FC68AB98404BCF /* ZoneSplit.swift in Sources */,
			);
			runOnlyForDeploymentPostprocessing = 0;
		};
		BCEC6FD65EECBDF0720DBBBE /* Sources */ = {
			isa = PBXSourcesBuildPhase;
			buildActionMask = 2147483647;
			files = (
				5BA7B1CBFBEAC008BF64959E /* CanvasAlignmentTests.swift in Sources */,
				457858D9720581855722618D /* CanvasEditingTests.swift in Sources */,
				0FE94C325E5B5EA959CB1188 /* CanvasSnappingTests.swift in Sources */,
				01D69CB05B1413BE070C4A29 /* CoordinateConverterTests.swift in Sources */,
				31C3FDF786216F6231203B26 /* DividerPlanTests.swift in Sources */,
				775201FBBC324013DDD98061 /* FakeScreen.swift in Sources */,
				C550FF9EF49EFD2544D10AC6 /* FakeWindowList.swift in Sources */,
				0BE1560BB10D4319D04E012A /* GridCoverageTests.swift in Sources */,
				87808C55FDDC7CB7F87CE4A1 /* GridEditingTests.swift in Sources */,
				7D146F5B0C3E6D474F17D1DA /* GutterTests.swift in Sources */,
				2393021694C7E68CCE12916D /* L10nTests.swift in Sources */,
				427B4801CC62A81E05E5FA4A /* LayoutEditTransactionTests.swift in Sources */,
				37831386B77A4CE396496CF0 /* LayoutStoreTests.swift in Sources */,
				B3B9020249D943938E392F45 /* LayoutStripGeometryTests.swift in Sources */,
				E78BF40426FF7526FEA2C369 /* MagneticResizeTests.swift in Sources */,
				F345C6B4257E63522FB8EABD /* OnboardingFlowReducerTests.swift in Sources */,
				E5E2A53CE24498120FC23E38 /* OnboardingPolicyTests.swift in Sources */,
				85366C30D9CEE8A0A84B91BE /* OverlayPresentationTests.swift in Sources */,
				3404124FE47711426FE97D17 /* PinBadgeSlotTests.swift in Sources */,
				3BD5E7D6FEFA6AEFCBC42FF9 /* PinPlannerTests.swift in Sources */,
				2999B0F0BC8D0A957817B331 /* ProfileCaptureTests.swift in Sources */,
				F24DC93C5DC59AB01261F9F4 /* ProfilePlanTests.swift in Sources */,
				C6347820CB7380152FEE57FA /* QuickSnapperTests.swift in Sources */,
				B542A64ABF0628F113C1F543 /* RuntimeOwnershipTests.swift in Sources */,
				40EF2A76030C4DFCA3331285 /* ScaffoldTests.swift in Sources */,
				7F883E7B97E6010C2A8C49F7 /* SettingsStoreTests.swift in Sources */,
				8D15681958148829E26676CC /* ShakeDetectorTests.swift in Sources */,
				4D93D2F8796C3F1CCA8E926B /* ShortcutCatalogTests.swift in Sources */,
				BE82C809AF70C005B7553B5E /* SimulatorDevicePlanTests.swift in Sources */,
				47CC6C61A00A821A4DD38484 /* SnapSessionReducerTests.swift in Sources */,
				FE8BF3FEE40CA0DE650A2D86 /* WindowCatalogStateTests.swift in Sources */,
				68AAC6FA693112B8729E97B3 /* WindowMoveChromeTests.swift in Sources */,
				0638DC242F73C0E7E1B82F58 /* WindowOrganizeTests.swift in Sources */,
				51F10BF1A00BFD058A23EF33 /* WorkspaceApplyFeedbackTests.swift in Sources */,
				000A7ABBCA4988EA1D84C8DF /* ZonePixelMetricsTests.swift in Sources */,
				3761FFE0F6F96EA078AAF2C8 /* ZoneScrollZoomTests.swift in Sources */,
				74E895C621737F62BEFDCDFA /* ZoneSplitTests.swift in Sources */,
			);
			runOnlyForDeploymentPostprocessing = 0;
		};
/* End PBXSourcesBuildPhase section */

/* Begin PBXTargetDependency section */
		3D26279BECA618B4AB5282AB /* PBXTargetDependency */ = {
			isa = PBXTargetDependency;
			target = 34957F99C581AFADBFF2869F /* ZoneBoxCore */;
			targetProxy = B5D550E210CFF517FFDAE091 /* PBXContainerItemProxy */;
		};
		53709D9EC00DF8E772281FF4 /* PBXTargetDependency */ = {
			isa = PBXTargetDependency;
			target = 34957F99C581AFADBFF2869F /* ZoneBoxCore */;
			targetProxy = EA5EB5758BCD0D1E824CE90D /* PBXContainerItemProxy */;
		};
/* End PBXTargetDependency section */

/* Begin PBXVariantGroup section */
		7AF68442D13371CED4200096 /* InfoPlist.strings */ = {
			isa = PBXVariantGroup;
			children = (
				8F09677CE6C82C3B3978A9E2 /* en */,
				92804B026972E065B5438FCB /* zh-Hans */,
			);
			name = InfoPlist.strings;
			sourceTree = "<group>";
		};
/* End PBXVariantGroup section */

/* Begin XCBuildConfiguration section */
		0207F275787468C531FC8A8A /* Release */ = {
			isa = XCBuildConfiguration;
			buildSettings = {
				BUNDLE_LOADER = "$(TEST_HOST)";
				COMBINE_HIDPI_IMAGES = YES;
				GENERATE_INFOPLIST_FILE = YES;
				LD_RUNPATH_SEARCH_PATHS = (
					"$(inherited)",
					"@executable_path/../Frameworks",
					"@loader_path/../Frameworks",
				);
				OTHER_LDFLAGS = (
					"$(inherited)",
					"-ObjC",
				);
				PRODUCT_BUNDLE_IDENTIFIER = com.fancyzone.ZoneBoxTests;
				SDKROOT = macosx;
			};
			name = Release;
		};
		126A4185AB8B64CBAF376B1F /* Debug */ = {
			isa = XCBuildConfiguration;
			buildSettings = {
				ALWAYS_SEARCH_USER_PATHS = NO;
				CLANG_ANALYZER_NONNULL = YES;
				CLANG_ANALYZER_NUMBER_OBJECT_CONVERSION = YES_AGGRESSIVE;
				CLANG_CXX_LANGUAGE_STANDARD = "gnu++14";
				CLANG_CXX_LIBRARY = "libc++";
				CLANG_ENABLE_MODULES = YES;
				CLANG_ENABLE_OBJC_ARC = YES;
				CLANG_ENABLE_OBJC_WEAK = YES;
				CLANG_WARN_BLOCK_CAPTURE_AUTORELEASING = YES;
				CLANG_WARN_BOOL_CONVERSION = YES;
				CLANG_WARN_COMMA = YES;
				CLANG_WARN_CONSTANT_CONVERSION = YES;
				CLANG_WARN_DEPRECATED_OBJC_IMPLEMENTATIONS = YES;
				CLANG_WARN_DIRECT_OBJC_ISA_USAGE = YES_ERROR;
				CLANG_WARN_DOCUMENTATION_COMMENTS = YES;
				CLANG_WARN_EMPTY_BODY = YES;
				CLANG_WARN_ENUM_CONVERSION = YES;
				CLANG_WARN_INFINITE_RECURSION = YES;
				CLANG_WARN_INT_CONVERSION = YES;
				CLANG_WARN_NON_LITERAL_NULL_CONVERSION = YES;
				CLANG_WARN_OBJC_IMPLICIT_RETAIN_SELF = YES;
				CLANG_WARN_OBJC_LITERAL_CONVERSION = YES;
				CLANG_WARN_OBJC_ROOT_CLASS = YES_ERROR;
				CLANG_WARN_QUOTED_INCLUDE_IN_FRAMEWORK_HEADER = YES;
				CLANG_WARN_RANGE_LOOP_ANALYSIS = YES;
				CLANG_WARN_STRICT_PROTOTYPES = YES;
				CLANG_WARN_SUSPICIOUS_MOVE = YES;
				CLANG_WARN_UNGUARDED_AVAILABILITY = YES_AGGRESSIVE;
				CLANG_WARN_UNREACHABLE_CODE = YES;
				CLANG_WARN__DUPLICATE_METHOD_MATCH = YES;
				CODE_SIGN_IDENTITY = "Apple Development";
				CODE_SIGN_STYLE = Automatic;
				COPY_PHASE_STRIP = NO;
				CURRENT_PROJECT_VERSION = 2;
				DEBUG_INFORMATION_FORMAT = dwarf;
				DEVELOPMENT_TEAM = A594W68DE5;
				ENABLE_HARDENED_RUNTIME = YES;
				ENABLE_STRICT_OBJC_MSGSEND = YES;
				ENABLE_TESTABILITY = YES;
				ENABLE_USER_SCRIPT_SANDBOXING = NO;
				GCC_C_LANGUAGE_STANDARD = gnu11;
				GCC_DYNAMIC_NO_PIC = NO;
				GCC_NO_COMMON_BLOCKS = YES;
				GCC_OPTIMIZATION_LEVEL = 0;
				GCC_PREPROCESSOR_DEFINITIONS = (
					"$(inherited)",
					"DEBUG=1",
				);
				GCC_WARN_64_TO_32_BIT_CONVERSION = YES;
				GCC_WARN_ABOUT_RETURN_TYPE = YES_ERROR;
				GCC_WARN_UNDECLARED_SELECTOR = YES;
				GCC_WARN_UNINITIALIZED_AUTOS = YES_AGGRESSIVE;
				GCC_WARN_UNUSED_FUNCTION = YES;
				GCC_WARN_UNUSED_VARIABLE = YES;
				GENERATE_INFOPLIST_FILE = NO;
				MACOSX_DEPLOYMENT_TARGET = 14.0;
				MARKETING_VERSION = 0.2.0;
				MTL_ENABLE_DEBUG_INFO = INCLUDE_SOURCE;
				MTL_FAST_MATH = YES;
				ONLY_ACTIVE_ARCH = YES;
				PRODUCT_NAME = "$(TARGET_NAME)";
				SDKROOT = macosx;
				SWIFT_ACTIVE_COMPILATION_CONDITIONS = DEBUG;
				SWIFT_OPTIMIZATION_LEVEL = "-Onone";
				SWIFT_STRICT_CONCURRENCY = targeted;
				SWIFT_VERSION = 5.10;
			};
			name = Debug;
		};
		27785E78C3D47F701B05D076 /* Debug */ = {
			isa = XCBuildConfiguration;
			buildSettings = {
				BUNDLE_LOADER = "$(TEST_HOST)";
				COMBINE_HIDPI_IMAGES = YES;
				GENERATE_INFOPLIST_FILE = YES;
				LD_RUNPATH_SEARCH_PATHS = (
					"$(inherited)",
					"@executable_path/../Frameworks",
					"@loader_path/../Frameworks",
				);
				OTHER_LDFLAGS = (
					"$(inherited)",
					"-ObjC",
				);
				PRODUCT_BUNDLE_IDENTIFIER = com.fancyzone.ZoneBoxTests;
				SDKROOT = macosx;
			};
			name = Debug;
		};
		945A321E99BC84C26E06FD3F /* Release */ = {
			isa = XCBuildConfiguration;
			buildSettings = {
				COMBINE_HIDPI_IMAGES = YES;
				GENERATE_INFOPLIST_FILE = YES;
				LD_RUNPATH_SEARCH_PATHS = (
					"$(inherited)",
					"@executable_path/../Frameworks",
				);
				PRODUCT_BUNDLE_IDENTIFIER = com.fancyzone.ZoneBoxCore;
				SDKROOT = macosx;
				SKIP_INSTALL = YES;
			};
			name = Release;
		};
		97AC1B5A33A4F24691209071 /* Debug */ = {
			isa = XCBuildConfiguration;
			buildSettings = {
				COMBINE_HIDPI_IMAGES = YES;
				GENERATE_INFOPLIST_FILE = YES;
				LD_RUNPATH_SEARCH_PATHS = (
					"$(inherited)",
					"@executable_path/../Frameworks",
				);
				PRODUCT_BUNDLE_IDENTIFIER = com.fancyzone.ZoneBoxCore;
				SDKROOT = macosx;
				SKIP_INSTALL = YES;
			};
			name = Debug;
		};
		A868501BEC784C4136AAE56D /* Release */ = {
			isa = XCBuildConfiguration;
			buildSettings = {
				APP_DISPLAY_NAME = ZoneBox;
				ASSETCATALOG_COMPILER_APPICON_NAME = AppIcon;
				CODE_SIGN_ENTITLEMENTS = ZoneBox/ZoneBox.entitlements;
				COMBINE_HIDPI_IMAGES = YES;
				ENABLE_DEBUG_DYLIB = NO;
				GENERATE_INFOPLIST_FILE = NO;
				INFOPLIST_FILE = ZoneBox/Resources/Info.plist;
				LD_RUNPATH_SEARCH_PATHS = "$(inherited) @executable_path/../Frameworks";
				OTHER_LDFLAGS = (
					"$(inherited)",
					"-ObjC",
				);
				PRODUCT_BUNDLE_IDENTIFIER = com.fancyzone.app;
				PRODUCT_NAME = ZoneBox;
				SDKROOT = macosx;
			};
			name = Release;
		};
		F4CF205236E9C2E2AA85F4D1 /* Release */ = {
			isa = XCBuildConfiguration;
			buildSettings = {
				ALWAYS_SEARCH_USER_PATHS = NO;
				CLANG_ANALYZER_NONNULL = YES;
				CLANG_ANALYZER_NUMBER_OBJECT_CONVERSION = YES_AGGRESSIVE;
				CLANG_CXX_LANGUAGE_STANDARD = "gnu++14";
				CLANG_CXX_LIBRARY = "libc++";
				CLANG_ENABLE_MODULES = YES;
				CLANG_ENABLE_OBJC_ARC = YES;
				CLANG_ENABLE_OBJC_WEAK = YES;
				CLANG_WARN_BLOCK_CAPTURE_AUTORELEASING = YES;
				CLANG_WARN_BOOL_CONVERSION = YES;
				CLANG_WARN_COMMA = YES;
				CLANG_WARN_CONSTANT_CONVERSION = YES;
				CLANG_WARN_DEPRECATED_OBJC_IMPLEMENTATIONS = YES;
				CLANG_WARN_DIRECT_OBJC_ISA_USAGE = YES_ERROR;
				CLANG_WARN_DOCUMENTATION_COMMENTS = YES;
				CLANG_WARN_EMPTY_BODY = YES;
				CLANG_WARN_ENUM_CONVERSION = YES;
				CLANG_WARN_INFINITE_RECURSION = YES;
				CLANG_WARN_INT_CONVERSION = YES;
				CLANG_WARN_NON_LITERAL_NULL_CONVERSION = YES;
				CLANG_WARN_OBJC_IMPLICIT_RETAIN_SELF = YES;
				CLANG_WARN_OBJC_LITERAL_CONVERSION = YES;
				CLANG_WARN_OBJC_ROOT_CLASS = YES_ERROR;
				CLANG_WARN_QUOTED_INCLUDE_IN_FRAMEWORK_HEADER = YES;
				CLANG_WARN_RANGE_LOOP_ANALYSIS = YES;
				CLANG_WARN_STRICT_PROTOTYPES = YES;
				CLANG_WARN_SUSPICIOUS_MOVE = YES;
				CLANG_WARN_UNGUARDED_AVAILABILITY = YES_AGGRESSIVE;
				CLANG_WARN_UNREACHABLE_CODE = YES;
				CLANG_WARN__DUPLICATE_METHOD_MATCH = YES;
				CODE_SIGN_IDENTITY = "Apple Development";
				CODE_SIGN_STYLE = Automatic;
				COPY_PHASE_STRIP = NO;
				CURRENT_PROJECT_VERSION = 2;
				DEBUG_INFORMATION_FORMAT = "dwarf-with-dsym";
				DEVELOPMENT_TEAM = A594W68DE5;
				ENABLE_HARDENED_RUNTIME = YES;
				ENABLE_NS_ASSERTIONS = NO;
				ENABLE_STRICT_OBJC_MSGSEND = YES;
				ENABLE_USER_SCRIPT_SANDBOXING = NO;
				GCC_C_LANGUAGE_STANDARD = gnu11;
				GCC_NO_COMMON_BLOCKS = YES;
				GCC_WARN_64_TO_32_BIT_CONVERSION = YES;
				GCC_WARN_ABOUT_RETURN_TYPE = YES_ERROR;
				GCC_WARN_UNDECLARED_SELECTOR = YES;
				GCC_WARN_UNINITIALIZED_AUTOS = YES_AGGRESSIVE;
				GCC_WARN_UNUSED_FUNCTION = YES;
				GCC_WARN_UNUSED_VARIABLE = YES;
				GENERATE_INFOPLIST_FILE = NO;
				MACOSX_DEPLOYMENT_TARGET = 14.0;
				MARKETING_VERSION = 0.2.0;
				MTL_ENABLE_DEBUG_INFO = NO;
				MTL_FAST_MATH = YES;
				PRODUCT_NAME = "$(TARGET_NAME)";
				SDKROOT = macosx;
				SWIFT_COMPILATION_MODE = wholemodule;
				SWIFT_OPTIMIZATION_LEVEL = "-O";
				SWIFT_STRICT_CONCURRENCY = targeted;
				SWIFT_VERSION = 5.10;
			};
			name = Release;
		};
		FC3751A1D5577016A0F60FDF /* Debug */ = {
			isa = XCBuildConfiguration;
			buildSettings = {
				APP_DISPLAY_NAME = "ZoneBox Debug";
				ASSETCATALOG_COMPILER_APPICON_NAME = AppIcon;
				CODE_SIGN_ENTITLEMENTS = ZoneBox/ZoneBox.entitlements;
				COMBINE_HIDPI_IMAGES = YES;
				ENABLE_DEBUG_DYLIB = NO;
				GENERATE_INFOPLIST_FILE = NO;
				INFOPLIST_FILE = ZoneBox/Resources/Info.plist;
				LD_RUNPATH_SEARCH_PATHS = "$(inherited) @executable_path/../Frameworks";
				OTHER_LDFLAGS = (
					"$(inherited)",
					"-ObjC",
				);
				PRODUCT_BUNDLE_IDENTIFIER = com.fancyzone.app.debug;
				PRODUCT_NAME = ZoneBox;
				SDKROOT = macosx;
			};
			name = Debug;
		};
/* End XCBuildConfiguration section */

/* Begin XCConfigurationList section */
		98BCF3518202ABC7E21908C0 /* Build configuration list for PBXNativeTarget "ZoneBoxCore" */ = {
			isa = XCConfigurationList;
			buildConfigurations = (
				97AC1B5A33A4F24691209071 /* Debug */,
				945A321E99BC84C26E06FD3F /* Release */,
			);
			defaultConfigurationIsVisible = 0;
			defaultConfigurationName = Debug;
		};
		A210754059D094F56ECA2294 /* Build configuration list for PBXNativeTarget "ZoneBox" */ = {
			isa = XCConfigurationList;
			buildConfigurations = (
				FC3751A1D5577016A0F60FDF /* Debug */,
				A868501BEC784C4136AAE56D /* Release */,
			);
			defaultConfigurationIsVisible = 0;
			defaultConfigurationName = Debug;
		};
		BB1380A9DA33ED0B255EAA44 /* Build configuration list for PBXNativeTarget "ZoneBoxTests" */ = {
			isa = XCConfigurationList;
			buildConfigurations = (
				27785E78C3D47F701B05D076 /* Debug */,
				0207F275787468C531FC8A8A /* Release */,
			);
			defaultConfigurationIsVisible = 0;
			defaultConfigurationName = Debug;
		};
		E615EBA9EB0D30408C5667FA /* Build configuration list for PBXProject "ZoneBox" */ = {
			isa = XCConfigurationList;
			buildConfigurations = (
				126A4185AB8B64CBAF376B1F /* Debug */,
				F4CF205236E9C2E2AA85F4D1 /* Release */,
			);
			defaultConfigurationIsVisible = 0;
			defaultConfigurationName = Debug;
		};
/* End XCConfigurationList section */
	};
	rootObject = 7D16EDF598CEDE32340C9B86 /* Project object */;
}
